// !$*UTF8*$!
{
	archiveVersion = 1;
	classes = {
	};
	objectVersion = 52;
	objects = {

/* Begin PBXBuildFile section */
		431F649B2469D97C00AADDFE /* SignUpPresenter.swift in Sources */ = {isa = PBXBuildFile; fileRef = 431F649A2469D97C00AADDFE /* SignUpPresenter.swift */; };
		431F649C2469D9D200AADDFE /* Domain.framework in Frameworks */ = {isa = PBXBuildFile; fileRef = 435EBF622464AA24006913AC /* Domain.framework */; };
		431F649D2469D9D200AADDFE /* Domain.framework in Embed Frameworks */ = {isa = PBXBuildFile; fileRef = 435EBF622464AA24006913AC /* Domain.framework */; settings = {ATTRIBUTES = (CodeSignOnCopy, RemoveHeadersOnCopy, ); }; };
		431F64A32469DA9D00AADDFE /* AlertView.swift in Sources */ = {isa = PBXBuildFile; fileRef = 431F64A22469DA9D00AADDFE /* AlertView.swift */; };
		431F64A82469E3DD00AADDFE /* EmailValidator.swift in Sources */ = {isa = PBXBuildFile; fileRef = 431F64A72469E3DD00AADDFE /* EmailValidator.swift */; };
		431F64A9246A215000AADDFE /* AccountModelFactory.swift in Sources */ = {isa = PBXBuildFile; fileRef = 4351D37924662D0600DB9E3E /* AccountModelFactory.swift */; };
		434F82E82467C2E0006592B1 /* Presentation.framework in Frameworks */ = {isa = PBXBuildFile; fileRef = 434F82DF2467C2DF006592B1 /* Presentation.framework */; };
		434F82ED2467C2E0006592B1 /* SignPresenterTests.swift in Sources */ = {isa = PBXBuildFile; fileRef = 434F82EC2467C2E0006592B1 /* SignPresenterTests.swift */; };
		4351D36B2465A7C100DB9E3E /* DomainError.swift in Sources */ = {isa = PBXBuildFile; fileRef = 4351D36A2465A7C100DB9E3E /* DomainError.swift */; };
		4351D36D2465A9C300DB9E3E /* HttpError.swift in Sources */ = {isa = PBXBuildFile; fileRef = 4351D36C2465A9C300DB9E3E /* HttpError.swift */; };
		4351D3702465FD6900DB9E3E /* ExtensionHelpers.swift in Sources */ = {isa = PBXBuildFile; fileRef = 4351D36F2465FD6900DB9E3E /* ExtensionHelpers.swift */; };
		4351D37324662BC400DB9E3E /* TestExtensions.swift in Sources */ = {isa = PBXBuildFile; fileRef = 4351D37224662BC400DB9E3E /* TestExtensions.swift */; };
		4351D37524662C3800DB9E3E /* TestFactories.swift in Sources */ = {isa = PBXBuildFile; fileRef = 4351D37424662C3800DB9E3E /* TestFactories.swift */; };
		4351D37824662CA200DB9E3E /* HttpClientSpy.swift in Sources */ = {isa = PBXBuildFile; fileRef = 4351D37724662CA200DB9E3E /* HttpClientSpy.swift */; };
		4351D37A24662D0600DB9E3E /* AccountModelFactory.swift in Sources */ = {isa = PBXBuildFile; fileRef = 4351D37924662D0600DB9E3E /* AccountModelFactory.swift */; };
		4351D3892466393800DB9E3E /* Infra.framework in Frameworks */ = {isa = PBXBuildFile; fileRef = 4351D3802466393800DB9E3E /* Infra.framework */; };
		4351D38E2466393800DB9E3E /* AlamofireAdapterTests.swift in Sources */ = {isa = PBXBuildFile; fileRef = 4351D38D2466393800DB9E3E /* AlamofireAdapterTests.swift */; };
		4351D39724663A4300DB9E3E /* Data.framework in Frameworks */ = {isa = PBXBuildFile; fileRef = 435EBF752464D37A006913AC /* Data.framework */; };
		4351D39824663A4300DB9E3E /* Data.framework in Embed Frameworks */ = {isa = PBXBuildFile; fileRef = 435EBF752464D37A006913AC /* Data.framework */; settings = {ATTRIBUTES = (CodeSignOnCopy, RemoveHeadersOnCopy, ); }; };
		4351D39C24663A7700DB9E3E /* TestExtensions.swift in Sources */ = {isa = PBXBuildFile; fileRef = 4351D37224662BC400DB9E3E /* TestExtensions.swift */; };
		4351D39D24663A8000DB9E3E /* TestFactories.swift in Sources */ = {isa = PBXBuildFile; fileRef = 4351D37424662C3800DB9E3E /* TestFactories.swift */; };
		4351D3A024663B6700DB9E3E /* Alamofire in Frameworks */ = {isa = PBXBuildFile; productRef = 4351D39F24663B6700DB9E3E /* Alamofire */; };
		43563EF62467AD2D00078A96 /* AddAccountIntegrationTests.swift in Sources */ = {isa = PBXBuildFile; fileRef = 43563EF52467AD2D00078A96 /* AddAccountIntegrationTests.swift */; };
		43563EF82467AD2E00078A96 /* Data.framework in Frameworks */ = {isa = PBXBuildFile; fileRef = 435EBF752464D37A006913AC /* Data.framework */; };
		435EBF6D2464D0B3006913AC /* AddAccount.swift in Sources */ = {isa = PBXBuildFile; fileRef = 435EBF6C2464D0B3006913AC /* AddAccount.swift */; };
		435EBF6F2464D2E2006913AC /* AccountModel.swift in Sources */ = {isa = PBXBuildFile; fileRef = 435EBF6E2464D2E2006913AC /* AccountModel.swift */; };
		435EBF7E2464D37A006913AC /* Data.framework in Frameworks */ = {isa = PBXBuildFile; fileRef = 435EBF752464D37A006913AC /* Data.framework */; };
		435EBF832464D37A006913AC /* RemoteAddAccountTests.swift in Sources */ = {isa = PBXBuildFile; fileRef = 435EBF822464D37A006913AC /* RemoteAddAccountTests.swift */; };
		435EBF8D2464D3A7006913AC /* Domain.framework in Frameworks */ = {isa = PBXBuildFile; fileRef = 435EBF622464AA24006913AC /* Domain.framework */; };
		435EBF8E2464D3A7006913AC /* Domain.framework in Embed Frameworks */ = {isa = PBXBuildFile; fileRef = 435EBF622464AA24006913AC /* Domain.framework */; settings = {ATTRIBUTES = (CodeSignOnCopy, RemoveHeadersOnCopy, ); }; };
		435EBF932464ED04006913AC /* Model.swift in Sources */ = {isa = PBXBuildFile; fileRef = 435EBF922464ED04006913AC /* Model.swift */; };
		435EBF952464ED95006913AC /* RemoteAddAccount.swift in Sources */ = {isa = PBXBuildFile; fileRef = 435EBF942464ED95006913AC /* RemoteAddAccount.swift */; };
		435EBF972464EDF6006913AC /* HttpPostClient.swift in Sources */ = {isa = PBXBuildFile; fileRef = 435EBF962464EDF6006913AC /* HttpPostClient.swift */; };
		43A14F53246399BC00F8BF40 /* AppDelegate.swift in Sources */ = {isa = PBXBuildFile; fileRef = 43A14F52246399BC00F8BF40 /* AppDelegate.swift */; };
		43A14F55246399BC00F8BF40 /* SceneDelegate.swift in Sources */ = {isa = PBXBuildFile; fileRef = 43A14F54246399BC00F8BF40 /* SceneDelegate.swift */; };
		43A14F57246399BC00F8BF40 /* ViewController.swift in Sources */ = {isa = PBXBuildFile; fileRef = 43A14F56246399BC00F8BF40 /* ViewController.swift */; };
		43A14F5A246399BC00F8BF40 /* Main.storyboard in Resources */ = {isa = PBXBuildFile; fileRef = 43A14F58246399BC00F8BF40 /* Main.storyboard */; };
		43A14F5D246399BC00F8BF40 /* AppVestibular.xcdatamodeld in Sources */ = {isa = PBXBuildFile; fileRef = 43A14F5B246399BC00F8BF40 /* AppVestibular.xcdatamodeld */; };
		43A14F5F246399BF00F8BF40 /* Assets.xcassets in Resources */ = {isa = PBXBuildFile; fileRef = 43A14F5E246399BF00F8BF40 /* Assets.xcassets */; };
		43A14F62246399BF00F8BF40 /* LaunchScreen.storyboard in Resources */ = {isa = PBXBuildFile; fileRef = 43A14F60246399BF00F8BF40 /* LaunchScreen.storyboard */; };
		43A14F6D246399C000F8BF40 /* AppVestibularTests.swift in Sources */ = {isa = PBXBuildFile; fileRef = 43A14F6C246399C000F8BF40 /* AppVestibularTests.swift */; };
		43A14F78246399C000F8BF40 /* AppVestibularUITests.swift in Sources */ = {isa = PBXBuildFile; fileRef = 43A14F77246399C000F8BF40 /* AppVestibularUITests.swift */; };
		43A14F8724639BA500F8BF40 /* LoginViewController.swift in Sources */ = {isa = PBXBuildFile; fileRef = 43A14F8624639BA500F8BF40 /* LoginViewController.swift */; };
		43B6B9612467546200BB807B /* AlamofireAdapter.swift in Sources */ = {isa = PBXBuildFile; fileRef = 43B6B9602467546200BB807B /* AlamofireAdapter.swift */; };
		43B6B9652467571F00BB807B /* UrlProtocolStub.swift in Sources */ = {isa = PBXBuildFile; fileRef = 43B6B9642467571F00BB807B /* UrlProtocolStub.swift */; };
		43BCFF0A246B03C9000F2D9D /* TestExtensions.swift in Sources */ = {isa = PBXBuildFile; fileRef = 4351D37224662BC400DB9E3E /* TestExtensions.swift */; };
		43BCFF0C246B1105000F2D9D /* LoadingView.swift in Sources */ = {isa = PBXBuildFile; fileRef = 43BCFF0B246B1105000F2D9D /* LoadingView.swift */; };
		43BCFF0F246B6B04000F2D9D /* SignUpViewModel.swift in Sources */ = {isa = PBXBuildFile; fileRef = 43BCFF0E246B6B04000F2D9D /* SignUpViewModel.swift */; };
/* End PBXBuildFile section */

/* Begin PBXContainerItemProxy section */
		431F649E2469D9D200AADDFE /* PBXContainerItemProxy */ = {
			isa = PBXContainerItemProxy;
			containerPortal = 43A14F47246399BC00F8BF40 /* Project object */;
			proxyType = 1;
			remoteGlobalIDString = 435EBF612464AA24006913AC;
			remoteInfo = Domain;
		};
		434F82E92467C2E0006592B1 /* PBXContainerItemProxy */ = {
			isa = PBXContainerItemProxy;
			containerPortal = 43A14F47246399BC00F8BF40 /* Project object */;
			proxyType = 1;
			remoteGlobalIDString = 434F82DE2467C2DF006592B1;
			remoteInfo = Presentation;
		};
		4351D38A2466393800DB9E3E /* PBXContainerItemProxy */ = {
			isa = PBXContainerItemProxy;
			containerPortal = 43A14F47246399BC00F8BF40 /* Project object */;
			proxyType = 1;
			remoteGlobalIDString = 4351D37F2466393800DB9E3E;
			remoteInfo = Infra;
		};
		4351D39924663A4300DB9E3E /* PBXContainerItemProxy */ = {
			isa = PBXContainerItemProxy;
			containerPortal = 43A14F47246399BC00F8BF40 /* Project object */;
			proxyType = 1;
			remoteGlobalIDString = 435EBF742464D37A006913AC;
			remoteInfo = Data;
		};
		43563EF92467AD2E00078A96 /* PBXContainerItemProxy */ = {
			isa = PBXContainerItemProxy;
			containerPortal = 43A14F47246399BC00F8BF40 /* Project object */;
			proxyType = 1;
			remoteGlobalIDString = 435EBF742464D37A006913AC;
			remoteInfo = Data;
		};
		43563EFE2467AD5100078A96 /* PBXContainerItemProxy */ = {
			isa = PBXContainerItemProxy;
			containerPortal = 43A14F47246399BC00F8BF40 /* Project object */;
			proxyType = 1;
			remoteGlobalIDString = 435EBF612464AA24006913AC;
			remoteInfo = Domain;
		};
		43563F002467AD5100078A96 /* PBXContainerItemProxy */ = {
			isa = PBXContainerItemProxy;
			containerPortal = 43A14F47246399BC00F8BF40 /* Project object */;
			proxyType = 1;
			remoteGlobalIDString = 4351D37F2466393800DB9E3E;
			remoteInfo = Infra;
		};
		435EBF7F2464D37A006913AC /* PBXContainerItemProxy */ = {
			isa = PBXContainerItemProxy;
			containerPortal = 43A14F47246399BC00F8BF40 /* Project object */;
			proxyType = 1;
			remoteGlobalIDString = 435EBF742464D37A006913AC;
			remoteInfo = Data;
		};
		435EBF8F2464D3A7006913AC /* PBXContainerItemProxy */ = {
			isa = PBXContainerItemProxy;
			containerPortal = 43A14F47246399BC00F8BF40 /* Project object */;
			proxyType = 1;
			remoteGlobalIDString = 435EBF612464AA24006913AC;
			remoteInfo = Domain;
		};
		43A14F69246399C000F8BF40 /* PBXContainerItemProxy */ = {
			isa = PBXContainerItemProxy;
			containerPortal = 43A14F47246399BC00F8BF40 /* Project object */;
			proxyType = 1;
			remoteGlobalIDString = 43A14F4E246399BC00F8BF40;
			remoteInfo = AppVestibular;
		};
		43A14F74246399C000F8BF40 /* PBXContainerItemProxy */ = {
			isa = PBXContainerItemProxy;
			containerPortal = 43A14F47246399BC00F8BF40 /* Project object */;
			proxyType = 1;
			remoteGlobalIDString = 43A14F4E246399BC00F8BF40;
			remoteInfo = AppVestibular;
		};
/* End PBXContainerItemProxy section */

/* Begin PBXCopyFilesBuildPhase section */
		431F64A02469D9D200AADDFE /* Embed Frameworks */ = {
			isa = PBXCopyFilesBuildPhase;
			buildActionMask = 2147483647;
			dstPath = "";
			dstSubfolderSpec = 10;
			files = (
				431F649D2469D9D200AADDFE /* Domain.framework in Embed Frameworks */,
			);
			name = "Embed Frameworks";
			runOnlyForDeploymentPostprocessing = 0;
		};
		4351D39B24663A4300DB9E3E /* Embed Frameworks */ = {
			isa = PBXCopyFilesBuildPhase;
			buildActionMask = 2147483647;
			dstPath = "";
			dstSubfolderSpec = 10;
			files = (
				4351D39824663A4300DB9E3E /* Data.framework in Embed Frameworks */,
			);
			name = "Embed Frameworks";
			runOnlyForDeploymentPostprocessing = 0;
		};
		435EBF912464D3A7006913AC /* Embed Frameworks */ = {
			isa = PBXCopyFilesBuildPhase;
			buildActionMask = 2147483647;
			dstPath = "";
			dstSubfolderSpec = 10;
			files = (
				435EBF8E2464D3A7006913AC /* Domain.framework in Embed Frameworks */,
			);
			name = "Embed Frameworks";
			runOnlyForDeploymentPostprocessing = 0;
		};
/* End PBXCopyFilesBuildPhase section */

/* Begin PBXFileReference section */
		431F649A2469D97C00AADDFE /* SignUpPresenter.swift */ = {isa = PBXFileReference; lastKnownFileType = sourcecode.swift; path = SignUpPresenter.swift; sourceTree = "<group>"; };
		431F64A22469DA9D00AADDFE /* AlertView.swift */ = {isa = PBXFileReference; lastKnownFileType = sourcecode.swift; path = AlertView.swift; sourceTree = "<group>"; };
		431F64A72469E3DD00AADDFE /* EmailValidator.swift */ = {isa = PBXFileReference; lastKnownFileType = sourcecode.swift; path = EmailValidator.swift; sourceTree = "<group>"; };
		434F82DF2467C2DF006592B1 /* Presentation.framework */ = {isa = PBXFileReference; explicitFileType = wrapper.framework; includeInIndex = 0; path = Presentation.framework; sourceTree = BUILT_PRODUCTS_DIR; };
		434F82E22467C2DF006592B1 /* Info.plist */ = {isa = PBXFileReference; lastKnownFileType = text.plist.xml; path = Info.plist; sourceTree = "<group>"; };
		434F82E72467C2E0006592B1 /* PresentationTests.xctest */ = {isa = PBXFileReference; explicitFileType = wrapper.cfbundle; includeInIndex = 0; path = PresentationTests.xctest; sourceTree = BUILT_PRODUCTS_DIR; };
		434F82EC2467C2E0006592B1 /* SignPresenterTests.swift */ = {isa = PBXFileReference; lastKnownFileType = sourcecode.swift; path = SignPresenterTests.swift; sourceTree = "<group>"; };
		434F82EE2467C2E0006592B1 /* Info.plist */ = {isa = PBXFileReference; lastKnownFileType = text.plist.xml; path = Info.plist; sourceTree = "<group>"; };
		4351D36A2465A7C100DB9E3E /* DomainError.swift */ = {isa = PBXFileReference; lastKnownFileType = sourcecode.swift; path = DomainError.swift; sourceTree = "<group>"; };
		4351D36C2465A9C300DB9E3E /* HttpError.swift */ = {isa = PBXFileReference; lastKnownFileType = sourcecode.swift; path = HttpError.swift; sourceTree = "<group>"; };
		4351D36F2465FD6900DB9E3E /* ExtensionHelpers.swift */ = {isa = PBXFileReference; lastKnownFileType = sourcecode.swift; path = ExtensionHelpers.swift; sourceTree = "<group>"; };
		4351D37224662BC400DB9E3E /* TestExtensions.swift */ = {isa = PBXFileReference; lastKnownFileType = sourcecode.swift; path = TestExtensions.swift; sourceTree = "<group>"; };
		4351D37424662C3800DB9E3E /* TestFactories.swift */ = {isa = PBXFileReference; lastKnownFileType = sourcecode.swift; path = TestFactories.swift; sourceTree = "<group>"; };
		4351D37724662CA200DB9E3E /* HttpClientSpy.swift */ = {isa = PBXFileReference; lastKnownFileType = sourcecode.swift; path = HttpClientSpy.swift; sourceTree = "<group>"; };
		4351D37924662D0600DB9E3E /* AccountModelFactory.swift */ = {isa = PBXFileReference; lastKnownFileType = sourcecode.swift; path = AccountModelFactory.swift; sourceTree = "<group>"; };
		4351D3802466393800DB9E3E /* Infra.framework */ = {isa = PBXFileReference; explicitFileType = wrapper.framework; includeInIndex = 0; path = Infra.framework; sourceTree = BUILT_PRODUCTS_DIR; };
		4351D3832466393800DB9E3E /* Info.plist */ = {isa = PBXFileReference; lastKnownFileType = text.plist.xml; path = Info.plist; sourceTree = "<group>"; };
		4351D3882466393800DB9E3E /* InfraTests.xctest */ = {isa = PBXFileReference; explicitFileType = wrapper.cfbundle; includeInIndex = 0; path = InfraTests.xctest; sourceTree = BUILT_PRODUCTS_DIR; };
		4351D38D2466393800DB9E3E /* AlamofireAdapterTests.swift */ = {isa = PBXFileReference; lastKnownFileType = sourcecode.swift; path = AlamofireAdapterTests.swift; sourceTree = "<group>"; };
		4351D38F2466393800DB9E3E /* Info.plist */ = {isa = PBXFileReference; lastKnownFileType = text.plist.xml; path = Info.plist; sourceTree = "<group>"; };
		43563EF32467AD2D00078A96 /* UseCasesIntegrationTests.xctest */ = {isa = PBXFileReference; explicitFileType = wrapper.cfbundle; includeInIndex = 0; path = UseCasesIntegrationTests.xctest; sourceTree = BUILT_PRODUCTS_DIR; };
		43563EF52467AD2D00078A96 /* AddAccountIntegrationTests.swift */ = {isa = PBXFileReference; lastKnownFileType = sourcecode.swift; path = AddAccountIntegrationTests.swift; sourceTree = "<group>"; };
		43563EF72467AD2E00078A96 /* Info.plist */ = {isa = PBXFileReference; lastKnownFileType = text.plist.xml; path = Info.plist; sourceTree = "<group>"; };
		435EBF622464AA24006913AC /* Domain.framework */ = {isa = PBXFileReference; explicitFileType = wrapper.framework; includeInIndex = 0; path = Domain.framework; sourceTree = BUILT_PRODUCTS_DIR; };
		435EBF652464AA25006913AC /* Info.plist */ = {isa = PBXFileReference; lastKnownFileType = text.plist.xml; path = Info.plist; sourceTree = "<group>"; };
		435EBF6C2464D0B3006913AC /* AddAccount.swift */ = {isa = PBXFileReference; lastKnownFileType = sourcecode.swift; path = AddAccount.swift; sourceTree = "<group>"; };
		435EBF6E2464D2E2006913AC /* AccountModel.swift */ = {isa = PBXFileReference; lastKnownFileType = sourcecode.swift; path = AccountModel.swift; sourceTree = "<group>"; };
		435EBF752464D37A006913AC /* Data.framework */ = {isa = PBXFileReference; explicitFileType = wrapper.framework; includeInIndex = 0; path = Data.framework; sourceTree = BUILT_PRODUCTS_DIR; };
		435EBF782464D37A006913AC /* Info.plist */ = {isa = PBXFileReference; lastKnownFileType = text.plist.xml; path = Info.plist; sourceTree = "<group>"; };
		435EBF7D2464D37A006913AC /* DataTests.xctest */ = {isa = PBXFileReference; explicitFileType = wrapper.cfbundle; includeInIndex = 0; path = DataTests.xctest; sourceTree = BUILT_PRODUCTS_DIR; };
		435EBF822464D37A006913AC /* RemoteAddAccountTests.swift */ = {isa = PBXFileReference; lastKnownFileType = sourcecode.swift; path = RemoteAddAccountTests.swift; sourceTree = "<group>"; };
		435EBF842464D37A006913AC /* Info.plist */ = {isa = PBXFileReference; lastKnownFileType = text.plist.xml; path = Info.plist; sourceTree = "<group>"; };
		435EBF922464ED04006913AC /* Model.swift */ = {isa = PBXFileReference; lastKnownFileType = sourcecode.swift; path = Model.swift; sourceTree = "<group>"; };
		435EBF942464ED95006913AC /* RemoteAddAccount.swift */ = {isa = PBXFileReference; lastKnownFileType = sourcecode.swift; path = RemoteAddAccount.swift; sourceTree = "<group>"; };
		435EBF962464EDF6006913AC /* HttpPostClient.swift */ = {isa = PBXFileReference; lastKnownFileType = sourcecode.swift; path = HttpPostClient.swift; sourceTree = "<group>"; };
		43A14F4F246399BC00F8BF40 /* AppVestibular.app */ = {isa = PBXFileReference; explicitFileType = wrapper.application; includeInIndex = 0; path = AppVestibular.app; sourceTree = BUILT_PRODUCTS_DIR; };
		43A14F52246399BC00F8BF40 /* AppDelegate.swift */ = {isa = PBXFileReference; lastKnownFileType = sourcecode.swift; path = AppDelegate.swift; sourceTree = "<group>"; };
		43A14F54246399BC00F8BF40 /* SceneDelegate.swift */ = {isa = PBXFileReference; lastKnownFileType = sourcecode.swift; path = SceneDelegate.swift; sourceTree = "<group>"; };
		43A14F56246399BC00F8BF40 /* ViewController.swift */ = {isa = PBXFileReference; lastKnownFileType = sourcecode.swift; path = ViewController.swift; sourceTree = "<group>"; };
		43A14F59246399BC00F8BF40 /* Base */ = {isa = PBXFileReference; lastKnownFileType = file.storyboard; name = Base; path = Base.lproj/Main.storyboard; sourceTree = "<group>"; };
		43A14F5C246399BC00F8BF40 /* AppVestibular.xcdatamodel */ = {isa = PBXFileReference; lastKnownFileType = wrapper.xcdatamodel; path = AppVestibular.xcdatamodel; sourceTree = "<group>"; };
		43A14F5E246399BF00F8BF40 /* Assets.xcassets */ = {isa = PBXFileReference; lastKnownFileType = folder.assetcatalog; path = Assets.xcassets; sourceTree = "<group>"; };
		43A14F61246399BF00F8BF40 /* Base */ = {isa = PBXFileReference; lastKnownFileType = file.storyboard; name = Base; path = Base.lproj/LaunchScreen.storyboard; sourceTree = "<group>"; };
		43A14F63246399BF00F8BF40 /* Info.plist */ = {isa = PBXFileReference; lastKnownFileType = text.plist.xml; path = Info.plist; sourceTree = "<group>"; };
		43A14F68246399C000F8BF40 /* AppVestibularTests.xctest */ = {isa = PBXFileReference; explicitFileType = wrapper.cfbundle; includeInIndex = 0; path = AppVestibularTests.xctest; sourceTree = BUILT_PRODUCTS_DIR; };
		43A14F6C246399C000F8BF40 /* AppVestibularTests.swift */ = {isa = PBXFileReference; lastKnownFileType = sourcecode.swift; path = AppVestibularTests.swift; sourceTree = "<group>"; };
		43A14F6E246399C000F8BF40 /* Info.plist */ = {isa = PBXFileReference; lastKnownFileType = text.plist.xml; path = Info.plist; sourceTree = "<group>"; };
		43A14F73246399C000F8BF40 /* AppVestibularUITests.xctest */ = {isa = PBXFileReference; explicitFileType = wrapper.cfbundle; includeInIndex = 0; path = AppVestibularUITests.xctest; sourceTree = BUILT_PRODUCTS_DIR; };
		43A14F77246399C000F8BF40 /* AppVestibularUITests.swift */ = {isa = PBXFileReference; lastKnownFileType = sourcecode.swift; path = AppVestibularUITests.swift; sourceTree = "<group>"; };
		43A14F79246399C000F8BF40 /* Info.plist */ = {isa = PBXFileReference; lastKnownFileType = text.plist.xml; path = Info.plist; sourceTree = "<group>"; };
		43A14F8624639BA500F8BF40 /* LoginViewController.swift */ = {isa = PBXFileReference; lastKnownFileType = sourcecode.swift; path = LoginViewController.swift; sourceTree = "<group>"; };
		43B6B9602467546200BB807B /* AlamofireAdapter.swift */ = {isa = PBXFileReference; lastKnownFileType = sourcecode.swift; path = AlamofireAdapter.swift; sourceTree = "<group>"; };
		43B6B9642467571F00BB807B /* UrlProtocolStub.swift */ = {isa = PBXFileReference; lastKnownFileType = sourcecode.swift; path = UrlProtocolStub.swift; sourceTree = "<group>"; };
		43BCFF0B246B1105000F2D9D /* LoadingView.swift */ = {isa = PBXFileReference; lastKnownFileType = sourcecode.swift; path = LoadingView.swift; sourceTree = "<group>"; };
		43BCFF0E246B6B04000F2D9D /* SignUpViewModel.swift */ = {isa = PBXFileReference; lastKnownFileType = sourcecode.swift; path = SignUpViewModel.swift; sourceTree = "<group>"; };
/* End PBXFileReference section */

/* Begin PBXFrameworksBuildPhase section */
		434F82DC2467C2DF006592B1 /* Frameworks */ = {
			isa = PBXFrameworksBuildPhase;
			buildActionMask = 2147483647;
			files = (
				431F649C2469D9D200AADDFE /* Domain.framework in Frameworks */,
			);
			runOnlyForDeploymentPostprocessing = 0;
		};
		434F82E42467C2E0006592B1 /* Frameworks */ = {
			isa = PBXFrameworksBuildPhase;
			buildActionMask = 2147483647;
			files = (
				434F82E82467C2E0006592B1 /* Presentation.framework in Frameworks */,
			);
			runOnlyForDeploymentPostprocessing = 0;
		};
		4351D37D2466393800DB9E3E /* Frameworks */ = {
			isa = PBXFrameworksBuildPhase;
			buildActionMask = 2147483647;
			files = (
				4351D39724663A4300DB9E3E /* Data.framework in Frameworks */,
				4351D3A024663B6700DB9E3E /* Alamofire in Frameworks */,
			);
			runOnlyForDeploymentPostprocessing = 0;
		};
		4351D3852466393800DB9E3E /* Frameworks */ = {
			isa = PBXFrameworksBuildPhase;
			buildActionMask = 2147483647;
			files = (
				4351D3892466393800DB9E3E /* Infra.framework in Frameworks */,
			);
			runOnlyForDeploymentPostprocessing = 0;
		};
		43563EF02467AD2D00078A96 /* Frameworks */ = {
			isa = PBXFrameworksBuildPhase;
			buildActionMask = 2147483647;
			files = (
				43563EF82467AD2E00078A96 /* Data.framework in Frameworks */,
			);
			runOnlyForDeploymentPostprocessing = 0;
		};
		435EBF5F2464AA24006913AC /* Frameworks */ = {
			isa = PBXFrameworksBuildPhase;
			buildActionMask = 2147483647;
			files = (
			);
			runOnlyForDeploymentPostprocessing = 0;
		};
		435EBF722464D37A006913AC /* Frameworks */ = {
			isa = PBXFrameworksBuildPhase;
			buildActionMask = 2147483647;
			files = (
				435EBF8D2464D3A7006913AC /* Domain.framework in Frameworks */,
			);
			runOnlyForDeploymentPostprocessing = 0;
		};
		435EBF7A2464D37A006913AC /* Frameworks */ = {
			isa = PBXFrameworksBuildPhase;
			buildActionMask = 2147483647;
			files = (
				435EBF7E2464D37A006913AC /* Data.framework in Frameworks */,
			);
			runOnlyForDeploymentPostprocessing = 0;
		};
		43A14F4C246399BC00F8BF40 /* Frameworks */ = {
			isa = PBXFrameworksBuildPhase;
			buildActionMask = 2147483647;
			files = (
			);
			runOnlyForDeploymentPostprocessing = 0;
		};
		43A14F65246399C000F8BF40 /* Frameworks */ = {
			isa = PBXFrameworksBuildPhase;
			buildActionMask = 2147483647;
			files = (
			);
			runOnlyForDeploymentPostprocessing = 0;
		};
		43A14F70246399C000F8BF40 /* Frameworks */ = {
			isa = PBXFrameworksBuildPhase;
			buildActionMask = 2147483647;
			files = (
			);
			runOnlyForDeploymentPostprocessing = 0;
		};
/* End PBXFrameworksBuildPhase section */

/* Begin PBXGroup section */
		431F64A12469DA9000AADDFE /* Views */ = {
			isa = PBXGroup;
			children = (
				43BCFF0B246B1105000F2D9D /* LoadingView.swift */,
				431F64A22469DA9D00AADDFE /* AlertView.swift */,
			);
			path = Views;
			sourceTree = "<group>";
		};
		431F64A42469DAD600AADDFE /* Presenters */ = {
			isa = PBXGroup;
			children = (
				43BCFF0D246B6ADA000F2D9D /* SignUp */,
			);
			path = Presenters;
			sourceTree = "<group>";
		};
		431F64A52469E15700AADDFE /* Presenters */ = {
			isa = PBXGroup;
			children = (
				434F82EC2467C2E0006592B1 /* SignPresenterTests.swift */,
			);
			path = Presenters;
			sourceTree = "<group>";
		};
		431F64A62469E3C200AADDFE /* Validators */ = {
			isa = PBXGroup;
			children = (
				431F64A72469E3DD00AADDFE /* EmailValidator.swift */,
			);
			path = Validators;
			sourceTree = "<group>";
		};
		434F82E02467C2DF006592B1 /* Presentation */ = {
			isa = PBXGroup;
			children = (
				431F64A62469E3C200AADDFE /* Validators */,
				431F64A12469DA9000AADDFE /* Views */,
				431F64A42469DAD600AADDFE /* Presenters */,
				434F82E22467C2DF006592B1 /* Info.plist */,
			);
			path = Presentation;
			sourceTree = "<group>";
		};
		434F82EB2467C2E0006592B1 /* PresentationTests */ = {
			isa = PBXGroup;
			children = (
				431F64A52469E15700AADDFE /* Presenters */,
				434F82EE2467C2E0006592B1 /* Info.plist */,
			);
			path = PresentationTests;
			sourceTree = "<group>";
		};
		4351D3692465A7A700DB9E3E /* Errors */ = {
			isa = PBXGroup;
			children = (
				4351D36A2465A7C100DB9E3E /* DomainError.swift */,
			);
			path = Errors;
			sourceTree = "<group>";
		};
		4351D36E2465FD4D00DB9E3E /* Helpers */ = {
			isa = PBXGroup;
			children = (
				4351D36F2465FD6900DB9E3E /* ExtensionHelpers.swift */,
			);
			name = Helpers;
			sourceTree = "<group>";
		};
		4351D37124662B8700DB9E3E /* Helpers */ = {
			isa = PBXGroup;
			children = (
				4351D37224662BC400DB9E3E /* TestExtensions.swift */,
				4351D37424662C3800DB9E3E /* TestFactories.swift */,
				4351D37924662D0600DB9E3E /* AccountModelFactory.swift */,
			);
			path = Helpers;
			sourceTree = "<group>";
		};
		4351D37624662C8500DB9E3E /* Http */ = {
			isa = PBXGroup;
			children = (
				4351D37724662CA200DB9E3E /* HttpClientSpy.swift */,
			);
			path = Http;
			sourceTree = "<group>";
		};
		4351D3812466393800DB9E3E /* Infra */ = {
			isa = PBXGroup;
			children = (
				43B6B962246754F400BB807B /* Http */,
				4351D3832466393800DB9E3E /* Info.plist */,
			);
			path = Infra;
			sourceTree = "<group>";
		};
		4351D38C2466393800DB9E3E /* InfraTests */ = {
			isa = PBXGroup;
			children = (
				43B6B9632467570C00BB807B /* Http */,
				4351D38F2466393800DB9E3E /* Info.plist */,
			);
			path = InfraTests;
			sourceTree = "<group>";
		};
		43563EF42467AD2D00078A96 /* UseCasesIntegrationTests */ = {
			isa = PBXGroup;
			children = (
				43563EF52467AD2D00078A96 /* AddAccountIntegrationTests.swift */,
				43563EF72467AD2E00078A96 /* Info.plist */,
			);
			path = UseCasesIntegrationTests;
			sourceTree = "<group>";
		};
		435EBF632464AA24006913AC /* Domain */ = {
			isa = PBXGroup;
			children = (
				435EBF982464EE6C006913AC /* UseCases */,
				435EBF992464EE84006913AC /* Models */,
				4351D3692465A7A700DB9E3E /* Errors */,
				435EBF652464AA25006913AC /* Info.plist */,
			);
			path = Domain;
			sourceTree = "<group>";
		};
		435EBF762464D37A006913AC /* Data */ = {
			isa = PBXGroup;
			children = (
				4351D36E2465FD4D00DB9E3E /* Helpers */,
				435EBF9A2464EE99006913AC /* UseCases */,
				435EBF9B2464EEA4006913AC /* Http */,
				435EBF782464D37A006913AC /* Info.plist */,
			);
			path = Data;
			sourceTree = "<group>";
		};
		435EBF812464D37A006913AC /* DataTests */ = {
			isa = PBXGroup;
			children = (
				4351D37624662C8500DB9E3E /* Http */,
				4351D37124662B8700DB9E3E /* Helpers */,
				435EBF9C2464EEBA006913AC /* UseCases */,
				435EBF842464D37A006913AC /* Info.plist */,
			);
			path = DataTests;
			sourceTree = "<group>";
		};
		435EBF8C2464D3A7006913AC /* Frameworks */ = {
			isa = PBXGroup;
			children = (
			);
			name = Frameworks;
			sourceTree = "<group>";
		};
		435EBF982464EE6C006913AC /* UseCases */ = {
			isa = PBXGroup;
			children = (
				435EBF6C2464D0B3006913AC /* AddAccount.swift */,
			);
			path = UseCases;
			sourceTree = "<group>";
		};
		435EBF992464EE84006913AC /* Models */ = {
			isa = PBXGroup;
			children = (
				435EBF6E2464D2E2006913AC /* AccountModel.swift */,
				435EBF922464ED04006913AC /* Model.swift */,
			);
			path = Models;
			sourceTree = "<group>";
		};
		435EBF9A2464EE99006913AC /* UseCases */ = {
			isa = PBXGroup;
			children = (
				435EBF942464ED95006913AC /* RemoteAddAccount.swift */,
			);
			path = UseCases;
			sourceTree = "<group>";
		};
		435EBF9B2464EEA4006913AC /* Http */ = {
			isa = PBXGroup;
			children = (
				435EBF962464EDF6006913AC /* HttpPostClient.swift */,
				4351D36C2465A9C300DB9E3E /* HttpError.swift */,
			);
			path = Http;
			sourceTree = "<group>";
		};
		435EBF9C2464EEBA006913AC /* UseCases */ = {
			isa = PBXGroup;
			children = (
				435EBF822464D37A006913AC /* RemoteAddAccountTests.swift */,
			);
			path = UseCases;
			sourceTree = "<group>";
		};
		43A14F46246399BC00F8BF40 = {
			isa = PBXGroup;
			children = (
				43A14F51246399BC00F8BF40 /* AppVestibular */,
				43A14F6B246399C000F8BF40 /* AppVestibularTests */,
				43A14F76246399C000F8BF40 /* AppVestibularUITests */,
				435EBF632464AA24006913AC /* Domain */,
				435EBF762464D37A006913AC /* Data */,
				435EBF812464D37A006913AC /* DataTests */,
				4351D3812466393800DB9E3E /* Infra */,
				4351D38C2466393800DB9E3E /* InfraTests */,
				43563EF42467AD2D00078A96 /* UseCasesIntegrationTests */,
				434F82E02467C2DF006592B1 /* Presentation */,
				434F82EB2467C2E0006592B1 /* PresentationTests */,
				43A14F50246399BC00F8BF40 /* Products */,
				435EBF8C2464D3A7006913AC /* Frameworks */,
			);
			sourceTree = "<group>";
		};
		43A14F50246399BC00F8BF40 /* Products */ = {
			isa = PBXGroup;
			children = (
				43A14F4F246399BC00F8BF40 /* AppVestibular.app */,
				43A14F68246399C000F8BF40 /* AppVestibularTests.xctest */,
				43A14F73246399C000F8BF40 /* AppVestibularUITests.xctest */,
				435EBF622464AA24006913AC /* Domain.framework */,
				435EBF752464D37A006913AC /* Data.framework */,
				435EBF7D2464D37A006913AC /* DataTests.xctest */,
				4351D3802466393800DB9E3E /* Infra.framework */,
				4351D3882466393800DB9E3E /* InfraTests.xctest */,
				43563EF32467AD2D00078A96 /* UseCasesIntegrationTests.xctest */,
				434F82DF2467C2DF006592B1 /* Presentation.framework */,
				434F82E72467C2E0006592B1 /* PresentationTests.xctest */,
			);
			name = Products;
			sourceTree = "<group>";
		};
		43A14F51246399BC00F8BF40 /* AppVestibular */ = {
			isa = PBXGroup;
			children = (
				43A14F8524639B6700F8BF40 /* Controllers */,
				43A14F52246399BC00F8BF40 /* AppDelegate.swift */,
				43A14F54246399BC00F8BF40 /* SceneDelegate.swift */,
				43A14F56246399BC00F8BF40 /* ViewController.swift */,
				43A14F58246399BC00F8BF40 /* Main.storyboard */,
				43A14F5E246399BF00F8BF40 /* Assets.xcassets */,
				43A14F60246399BF00F8BF40 /* LaunchScreen.storyboard */,
				43A14F63246399BF00F8BF40 /* Info.plist */,
				43A14F5B246399BC00F8BF40 /* AppVestibular.xcdatamodeld */,
			);
			path = AppVestibular;
			sourceTree = "<group>";
		};
		43A14F6B246399C000F8BF40 /* AppVestibularTests */ = {
			isa = PBXGroup;
			children = (
				43A14F6C246399C000F8BF40 /* AppVestibularTests.swift */,
				43A14F6E246399C000F8BF40 /* Info.plist */,
			);
			path = AppVestibularTests;
			sourceTree = "<group>";
		};
		43A14F76246399C000F8BF40 /* AppVestibularUITests */ = {
			isa = PBXGroup;
			children = (
				43A14F77246399C000F8BF40 /* AppVestibularUITests.swift */,
				43A14F79246399C000F8BF40 /* Info.plist */,
			);
			path = AppVestibularUITests;
			sourceTree = "<group>";
		};
		43A14F8524639B6700F8BF40 /* Controllers */ = {
			isa = PBXGroup;
			children = (
				43A14F8624639BA500F8BF40 /* LoginViewController.swift */,
			);
			path = Controllers;
			sourceTree = "<group>";
		};
		43B6B962246754F400BB807B /* Http */ = {
			isa = PBXGroup;
			children = (
				43B6B9602467546200BB807B /* AlamofireAdapter.swift */,
			);
			path = Http;
			sourceTree = "<group>";
		};
		43B6B9632467570C00BB807B /* Http */ = {
			isa = PBXGroup;
			children = (
				4351D38D2466393800DB9E3E /* AlamofireAdapterTests.swift */,
				43B6B9642467571F00BB807B /* UrlProtocolStub.swift */,
			);
			path = Http;
			sourceTree = "<group>";
		};
		43BCFF0D246B6ADA000F2D9D /* SignUp */ = {
			isa = PBXGroup;
			children = (
				431F649A2469D97C00AADDFE /* SignUpPresenter.swift */,
				43BCFF0E246B6B04000F2D9D /* SignUpViewModel.swift */,
			);
			path = SignUp;
			sourceTree = "<group>";
		};
/* End PBXGroup section */

/* Begin PBXHeadersBuildPhase section */
		434F82DA2467C2DF006592B1 /* Headers */ = {
			isa = PBXHeadersBuildPhase;
			buildActionMask = 2147483647;
			files = (
			);
			runOnlyForDeploymentPostprocessing = 0;
		};
		4351D37B2466393800DB9E3E /* Headers */ = {
			isa = PBXHeadersBuildPhase;
			buildActionMask = 2147483647;
			files = (
			);
			runOnlyForDeploymentPostprocessing = 0;
		};
		435EBF5D2464AA24006913AC /* Headers */ = {
			isa = PBXHeadersBuildPhase;
			buildActionMask = 2147483647;
			files = (
			);
			runOnlyForDeploymentPostprocessing = 0;
		};
		435EBF702464D37A006913AC /* Headers */ = {
			isa = PBXHeadersBuildPhase;
			buildActionMask = 2147483647;
			files = (
			);
			runOnlyForDeploymentPostprocessing = 0;
		};
/* End PBXHeadersBuildPhase section */

/* Begin PBXNativeTarget section */
		434F82DE2467C2DF006592B1 /* Presentation */ = {
			isa = PBXNativeTarget;
			buildConfigurationList = 434F82F42467C2E0006592B1 /* Build configuration list for PBXNativeTarget "Presentation" */;
			buildPhases = (
				434F82DA2467C2DF006592B1 /* Headers */,
				434F82DB2467C2DF006592B1 /* Sources */,
				434F82DC2467C2DF006592B1 /* Frameworks */,
				434F82DD2467C2DF006592B1 /* Resources */,
				431F64A02469D9D200AADDFE /* Embed Frameworks */,
			);
			buildRules = (
			);
			dependencies = (
				431F649F2469D9D200AADDFE /* PBXTargetDependency */,
			);
			name = Presentation;
			productName = Presentation;
			productReference = 434F82DF2467C2DF006592B1 /* Presentation.framework */;
			productType = "com.apple.product-type.framework";
		};
		434F82E62467C2E0006592B1 /* PresentationTests */ = {
			isa = PBXNativeTarget;
			buildConfigurationList = 434F82F52467C2E0006592B1 /* Build configuration list for PBXNativeTarget "PresentationTests" */;
			buildPhases = (
				434F82E32467C2E0006592B1 /* Sources */,
				434F82E42467C2E0006592B1 /* Frameworks */,
				434F82E52467C2E0006592B1 /* Resources */,
			);
			buildRules = (
			);
			dependencies = (
				434F82EA2467C2E0006592B1 /* PBXTargetDependency */,
			);
			name = PresentationTests;
			productName = PresentationTests;
			productReference = 434F82E72467C2E0006592B1 /* PresentationTests.xctest */;
			productType = "com.apple.product-type.bundle.unit-test";
		};
		4351D37F2466393800DB9E3E /* Infra */ = {
			isa = PBXNativeTarget;
			buildConfigurationList = 4351D3912466393800DB9E3E /* Build configuration list for PBXNativeTarget "Infra" */;
			buildPhases = (
				4351D37B2466393800DB9E3E /* Headers */,
				4351D37C2466393800DB9E3E /* Sources */,
				4351D37D2466393800DB9E3E /* Frameworks */,
				4351D37E2466393800DB9E3E /* Resources */,
				4351D39B24663A4300DB9E3E /* Embed Frameworks */,
			);
			buildRules = (
			);
			dependencies = (
				4351D39A24663A4300DB9E3E /* PBXTargetDependency */,
			);
			name = Infra;
			packageProductDependencies = (
				4351D39F24663B6700DB9E3E /* Alamofire */,
			);
			productName = Infra;
			productReference = 4351D3802466393800DB9E3E /* Infra.framework */;
			productType = "com.apple.product-type.framework";
		};
		4351D3872466393800DB9E3E /* InfraTests */ = {
			isa = PBXNativeTarget;
			buildConfigurationList = 4351D3942466393800DB9E3E /* Build configuration list for PBXNativeTarget "InfraTests" */;
			buildPhases = (
				4351D3842466393800DB9E3E /* Sources */,
				4351D3852466393800DB9E3E /* Frameworks */,
				4351D3862466393800DB9E3E /* Resources */,
			);
			buildRules = (
			);
			dependencies = (
				4351D38B2466393800DB9E3E /* PBXTargetDependency */,
			);
			name = InfraTests;
			productName = InfraTests;
			productReference = 4351D3882466393800DB9E3E /* InfraTests.xctest */;
			productType = "com.apple.product-type.bundle.unit-test";
		};
		43563EF22467AD2D00078A96 /* UseCasesIntegrationTests */ = {
			isa = PBXNativeTarget;
			buildConfigurationList = 43563EFD2467AD2E00078A96 /* Build configuration list for PBXNativeTarget "UseCasesIntegrationTests" */;
			buildPhases = (
				43563EEF2467AD2D00078A96 /* Sources */,
				43563EF02467AD2D00078A96 /* Frameworks */,
				43563EF12467AD2D00078A96 /* Resources */,
			);
			buildRules = (
			);
			dependencies = (
				43563EFF2467AD5100078A96 /* PBXTargetDependency */,
				43563F012467AD5100078A96 /* PBXTargetDependency */,
				43563EFA2467AD2E00078A96 /* PBXTargetDependency */,
			);
			name = UseCasesIntegrationTests;
			productName = UseCasesIntegrationTests;
			productReference = 43563EF32467AD2D00078A96 /* UseCasesIntegrationTests.xctest */;
			productType = "com.apple.product-type.bundle.unit-test";
		};
		435EBF612464AA24006913AC /* Domain */ = {
			isa = PBXNativeTarget;
			buildConfigurationList = 435EBF692464AA25006913AC /* Build configuration list for PBXNativeTarget "Domain" */;
			buildPhases = (
				435EBF5D2464AA24006913AC /* Headers */,
				435EBF5E2464AA24006913AC /* Sources */,
				435EBF5F2464AA24006913AC /* Frameworks */,
				435EBF602464AA24006913AC /* Resources */,
			);
			buildRules = (
			);
			dependencies = (
			);
			name = Domain;
			productName = Domain;
			productReference = 435EBF622464AA24006913AC /* Domain.framework */;
			productType = "com.apple.product-type.framework";
		};
		435EBF742464D37A006913AC /* Data */ = {
			isa = PBXNativeTarget;
			buildConfigurationList = 435EBF862464D37A006913AC /* Build configuration list for PBXNativeTarget "Data" */;
			buildPhases = (
				435EBF702464D37A006913AC /* Headers */,
				435EBF712464D37A006913AC /* Sources */,
				435EBF722464D37A006913AC /* Frameworks */,
				435EBF732464D37A006913AC /* Resources */,
				435EBF912464D3A7006913AC /* Embed Frameworks */,
			);
			buildRules = (
			);
			dependencies = (
				435EBF902464D3A7006913AC /* PBXTargetDependency */,
			);
			name = Data;
			productName = Data;
			productReference = 435EBF752464D37A006913AC /* Data.framework */;
			productType = "com.apple.product-type.framework";
		};
		435EBF7C2464D37A006913AC /* DataTests */ = {
			isa = PBXNativeTarget;
			buildConfigurationList = 435EBF892464D37A006913AC /* Build configuration list for PBXNativeTarget "DataTests" */;
			buildPhases = (
				435EBF792464D37A006913AC /* Sources */,
				435EBF7A2464D37A006913AC /* Frameworks */,
				435EBF7B2464D37A006913AC /* Resources */,
			);
			buildRules = (
			);
			dependencies = (
				435EBF802464D37A006913AC /* PBXTargetDependency */,
			);
			name = DataTests;
			productName = DataTests;
			productReference = 435EBF7D2464D37A006913AC /* DataTests.xctest */;
			productType = "com.apple.product-type.bundle.unit-test";
		};
		43A14F4E246399BC00F8BF40 /* AppVestibular */ = {
			isa = PBXNativeTarget;
			buildConfigurationList = 43A14F7C246399C000F8BF40 /* Build configuration list for PBXNativeTarget "AppVestibular" */;
			buildPhases = (
				43A14F4B246399BC00F8BF40 /* Sources */,
				43A14F4C246399BC00F8BF40 /* Frameworks */,
				43A14F4D246399BC00F8BF40 /* Resources */,
			);
			buildRules = (
			);
			dependencies = (
			);
			name = AppVestibular;
			productName = AppVestibular;
			productReference = 43A14F4F246399BC00F8BF40 /* AppVestibular.app */;
			productType = "com.apple.product-type.application";
		};
		43A14F67246399C000F8BF40 /* AppVestibularTests */ = {
			isa = PBXNativeTarget;
			buildConfigurationList = 43A14F7F246399C000F8BF40 /* Build configuration list for PBXNativeTarget "AppVestibularTests" */;
			buildPhases = (
				43A14F64246399C000F8BF40 /* Sources */,
				43A14F65246399C000F8BF40 /* Frameworks */,
				43A14F66246399C000F8BF40 /* Resources */,
			);
			buildRules = (
			);
			dependencies = (
				43A14F6A246399C000F8BF40 /* PBXTargetDependency */,
			);
			name = AppVestibularTests;
			productName = AppVestibularTests;
			productReference = 43A14F68246399C000F8BF40 /* AppVestibularTests.xctest */;
			productType = "com.apple.product-type.bundle.unit-test";
		};
		43A14F72246399C000F8BF40 /* AppVestibularUITests */ = {
			isa = PBXNativeTarget;
			buildConfigurationList = 43A14F82246399C000F8BF40 /* Build configuration list for PBXNativeTarget "AppVestibularUITests" */;
			buildPhases = (
				43A14F6F246399C000F8BF40 /* Sources */,
				43A14F70246399C000F8BF40 /* Frameworks */,
				43A14F71246399C000F8BF40 /* Resources */,
			);
			buildRules = (
			);
			dependencies = (
				43A14F75246399C000F8BF40 /* PBXTargetDependency */,
			);
			name = AppVestibularUITests;
			productName = AppVestibularUITests;
			productReference = 43A14F73246399C000F8BF40 /* AppVestibularUITests.xctest */;
			productType = "com.apple.product-type.bundle.ui-testing";
		};
/* End PBXNativeTarget section */

/* Begin PBXProject section */
		43A14F47246399BC00F8BF40 /* Project object */ = {
			isa = PBXProject;
			attributes = {
				LastSwiftUpdateCheck = 1140;
				LastUpgradeCheck = 1140;
				ORGANIZATIONNAME = "Julio Figueiredo";
				TargetAttributes = {
					434F82DE2467C2DF006592B1 = {
						CreatedOnToolsVersion = 11.4.1;
						LastSwiftMigration = 1140;
					};
					434F82E62467C2E0006592B1 = {
						CreatedOnToolsVersion = 11.4.1;
					};
					4351D37F2466393800DB9E3E = {
						CreatedOnToolsVersion = 11.4.1;
						LastSwiftMigration = 1140;
					};
					4351D3872466393800DB9E3E = {
						CreatedOnToolsVersion = 11.4.1;
					};
					43563EF22467AD2D00078A96 = {
						CreatedOnToolsVersion = 11.4.1;
					};
					435EBF612464AA24006913AC = {
						CreatedOnToolsVersion = 11.4.1;
						LastSwiftMigration = 1140;
					};
					435EBF742464D37A006913AC = {
						CreatedOnToolsVersion = 11.4.1;
						LastSwiftMigration = 1140;
					};
					435EBF7C2464D37A006913AC = {
						CreatedOnToolsVersion = 11.4.1;
					};
					43A14F4E246399BC00F8BF40 = {
						CreatedOnToolsVersion = 11.4.1;
					};
					43A14F67246399C000F8BF40 = {
						CreatedOnToolsVersion = 11.4.1;
						TestTargetID = 43A14F4E246399BC00F8BF40;
					};
					43A14F72246399C000F8BF40 = {
						CreatedOnToolsVersion = 11.4.1;
						TestTargetID = 43A14F4E246399BC00F8BF40;
					};
				};
			};
			buildConfigurationList = 43A14F4A246399BC00F8BF40 /* Build configuration list for PBXProject "AppVestibular" */;
			compatibilityVersion = "Xcode 9.3";
			developmentRegion = en;
			hasScannedForEncodings = 0;
			knownRegions = (
				en,
				Base,
			);
			mainGroup = 43A14F46246399BC00F8BF40;
			packageReferences = (
				4351D39E24663B6700DB9E3E /* XCRemoteSwiftPackageReference "Alamofire" */,
			);
			productRefGroup = 43A14F50246399BC00F8BF40 /* Products */;
			projectDirPath = "";
			projectRoot = "";
			targets = (
				43A14F4E246399BC00F8BF40 /* AppVestibular */,
				43A14F67246399C000F8BF40 /* AppVestibularTests */,
				43A14F72246399C000F8BF40 /* AppVestibularUITests */,
				435EBF612464AA24006913AC /* Domain */,
				435EBF742464D37A006913AC /* Data */,
				435EBF7C2464D37A006913AC /* DataTests */,
				4351D37F2466393800DB9E3E /* Infra */,
				4351D3872466393800DB9E3E /* InfraTests */,
				43563EF22467AD2D00078A96 /* UseCasesIntegrationTests */,
				434F82DE2467C2DF006592B1 /* Presentation */,
				434F82E62467C2E0006592B1 /* PresentationTests */,
			);
		};
/* End PBXProject section */

/* Begin PBXResourcesBuildPhase section */
		434F82DD2467C2DF006592B1 /* Resources */ = {
			isa = PBXResourcesBuildPhase;
			buildActionMask = 2147483647;
			files = (
			);
			runOnlyForDeploymentPostprocessing = 0;
		};
		434F82E52467C2E0006592B1 /* Resources */ = {
			isa = PBXResourcesBuildPhase;
			buildActionMask = 2147483647;
			files = (
			);
			runOnlyForDeploymentPostprocessing = 0;
		};
		4351D37E2466393800DB9E3E /* Resources */ = {
			isa = PBXResourcesBuildPhase;
			buildActionMask = 2147483647;
			files = (
			);
			runOnlyForDeploymentPostprocessing = 0;
		};
		4351D3862466393800DB9E3E /* Resources */ = {
			isa = PBXResourcesBuildPhase;
			buildActionMask = 2147483647;
			files = (
			);
			runOnlyForDeploymentPostprocessing = 0;
		};
		43563EF12467AD2D00078A96 /* Resources */ = {
			isa = PBXResourcesBuildPhase;
			buildActionMask = 2147483647;
			files = (
			);
			runOnlyForDeploymentPostprocessing = 0;
		};
		435EBF602464AA24006913AC /* Resources */ = {
			isa = PBXResourcesBuildPhase;
			buildActionMask = 2147483647;
			files = (
			);
			runOnlyForDeploymentPostprocessing = 0;
		};
		435EBF732464D37A006913AC /* Resources */ = {
			isa = PBXResourcesBuildPhase;
			buildActionMask = 2147483647;
			files = (
			);
			runOnlyForDeploymentPostprocessing = 0;
		};
		435EBF7B2464D37A006913AC /* Resources */ = {
			isa = PBXResourcesBuildPhase;
			buildActionMask = 2147483647;
			files = (
			);
			runOnlyForDeploymentPostprocessing = 0;
		};
		43A14F4D246399BC00F8BF40 /* Resources */ = {
			isa = PBXResourcesBuildPhase;
			buildActionMask = 2147483647;
			files = (
				43A14F62246399BF00F8BF40 /* LaunchScreen.storyboard in Resources */,
				43A14F5F246399BF00F8BF40 /* Assets.xcassets in Resources */,
				43A14F5A246399BC00F8BF40 /* Main.storyboard in Resources */,
			);
			runOnlyForDeploymentPostprocessing = 0;
		};
		43A14F66246399C000F8BF40 /* Resources */ = {
			isa = PBXResourcesBuildPhase;
			buildActionMask = 2147483647;
			files = (
			);
			runOnlyForDeploymentPostprocessing = 0;
		};
		43A14F71246399C000F8BF40 /* Resources */ = {
			isa = PBXResourcesBuildPhase;
			buildActionMask = 2147483647;
			files = (
			);
			runOnlyForDeploymentPostprocessing = 0;
		};
/* End PBXResourcesBuildPhase section */

/* Begin PBXSourcesBuildPhase section */
		434F82DB2467C2DF006592B1 /* Sources */ = {
			isa = PBXSourcesBuildPhase;
			buildActionMask = 2147483647;
			files = (
				431F649B2469D97C00AADDFE /* SignUpPresenter.swift in Sources */,
				43BCFF0C246B1105000F2D9D /* LoadingView.swift in Sources */,
				43BCFF0F246B6B04000F2D9D /* SignUpViewModel.swift in Sources */,
				431F64A32469DA9D00AADDFE /* AlertView.swift in Sources */,
				431F64A82469E3DD00AADDFE /* EmailValidator.swift in Sources */,
			);
			runOnlyForDeploymentPostprocessing = 0;
		};
		434F82E32467C2E0006592B1 /* Sources */ = {
			isa = PBXSourcesBuildPhase;
			buildActionMask = 2147483647;
			files = (
				431F64A9246A215000AADDFE /* AccountModelFactory.swift in Sources */,
				43BCFF0A246B03C9000F2D9D /* TestExtensions.swift in Sources */,
				434F82ED2467C2E0006592B1 /* SignPresenterTests.swift in Sources */,
			);
			runOnlyForDeploymentPostprocessing = 0;
		};
		4351D37C2466393800DB9E3E /* Sources */ = {
			isa = PBXSourcesBuildPhase;
			buildActionMask = 2147483647;
			files = (
				43B6B9612467546200BB807B /* AlamofireAdapter.swift in Sources */,
			);
			runOnlyForDeploymentPostprocessing = 0;
		};
		4351D3842466393800DB9E3E /* Sources */ = {
			isa = PBXSourcesBuildPhase;
			buildActionMask = 2147483647;
			files = (
				4351D39D24663A8000DB9E3E /* TestFactories.swift in Sources */,
				4351D38E2466393800DB9E3E /* AlamofireAdapterTests.swift in Sources */,
				4351D39C24663A7700DB9E3E /* TestExtensions.swift in Sources */,
				43B6B9652467571F00BB807B /* UrlProtocolStub.swift in Sources */,
			);
			runOnlyForDeploymentPostprocessing = 0;
		};
		43563EEF2467AD2D00078A96 /* Sources */ = {
			isa = PBXSourcesBuildPhase;
			buildActionMask = 2147483647;
			files = (
				43563EF62467AD2D00078A96 /* AddAccountIntegrationTests.swift in Sources */,
			);
			runOnlyForDeploymentPostprocessing = 0;
		};
		435EBF5E2464AA24006913AC /* Sources */ = {
			isa = PBXSourcesBuildPhase;
			buildActionMask = 2147483647;
			files = (
				435EBF932464ED04006913AC /* Model.swift in Sources */,
				435EBF6D2464D0B3006913AC /* AddAccount.swift in Sources */,
				4351D36B2465A7C100DB9E3E /* DomainError.swift in Sources */,
				435EBF6F2464D2E2006913AC /* AccountModel.swift in Sources */,
			);
			runOnlyForDeploymentPostprocessing = 0;
		};
		435EBF712464D37A006913AC /* Sources */ = {
			isa = PBXSourcesBuildPhase;
			buildActionMask = 2147483647;
			files = (
				435EBF972464EDF6006913AC /* HttpPostClient.swift in Sources */,
				4351D3702465FD6900DB9E3E /* ExtensionHelpers.swift in Sources */,
				4351D36D2465A9C300DB9E3E /* HttpError.swift in Sources */,
				435EBF952464ED95006913AC /* RemoteAddAccount.swift in Sources */,
			);
			runOnlyForDeploymentPostprocessing = 0;
		};
		435EBF792464D37A006913AC /* Sources */ = {
			isa = PBXSourcesBuildPhase;
			buildActionMask = 2147483647;
			files = (
				4351D37524662C3800DB9E3E /* TestFactories.swift in Sources */,
				4351D37824662CA200DB9E3E /* HttpClientSpy.swift in Sources */,
				435EBF832464D37A006913AC /* RemoteAddAccountTests.swift in Sources */,
				4351D37A24662D0600DB9E3E /* AccountModelFactory.swift in Sources */,
				4351D37324662BC400DB9E3E /* TestExtensions.swift in Sources */,
			);
			runOnlyForDeploymentPostprocessing = 0;
		};
		43A14F4B246399BC00F8BF40 /* Sources */ = {
			isa = PBXSourcesBuildPhase;
			buildActionMask = 2147483647;
			files = (
				43A14F5D246399BC00F8BF40 /* AppVestibular.xcdatamodeld in Sources */,
				43A14F57246399BC00F8BF40 /* ViewController.swift in Sources */,
				43A14F53246399BC00F8BF40 /* AppDelegate.swift in Sources */,
				43A14F8724639BA500F8BF40 /* LoginViewController.swift in Sources */,
				43A14F55246399BC00F8BF40 /* SceneDelegate.swift in Sources */,
			);
			runOnlyForDeploymentPostprocessing = 0;
		};
		43A14F64246399C000F8BF40 /* Sources */ = {
			isa = PBXSourcesBuildPhase;
			buildActionMask = 2147483647;
			files = (
				43A14F6D246399C000F8BF40 /* AppVestibularTests.swift in Sources */,
			);
			runOnlyForDeploymentPostprocessing = 0;
		};
		43A14F6F246399C000F8BF40 /* Sources */ = {
			isa = PBXSourcesBuildPhase;
			buildActionMask = 2147483647;
			files = (
				43A14F78246399C000F8BF40 /* AppVestibularUITests.swift in Sources */,
			);
			runOnlyForDeploymentPostprocessing = 0;
		};
/* End PBXSourcesBuildPhase section */

/* Begin PBXTargetDependency section */
		431F649F2469D9D200AADDFE /* PBXTargetDependency */ = {
			isa = PBXTargetDependency;
			target = 435EBF612464AA24006913AC /* Domain */;
			targetProxy = 431F649E2469D9D200AADDFE /* PBXContainerItemProxy */;
		};
		434F82EA2467C2E0006592B1 /* PBXTargetDependency */ = {
			isa = PBXTargetDependency;
			target = 434F82DE2467C2DF006592B1 /* Presentation */;
			targetProxy = 434F82E92467C2E0006592B1 /* PBXContainerItemProxy */;
		};
		4351D38B2466393800DB9E3E /* PBXTargetDependency */ = {
			isa = PBXTargetDependency;
			target = 4351D37F2466393800DB9E3E /* Infra */;
			targetProxy = 4351D38A2466393800DB9E3E /* PBXContainerItemProxy */;
		};
		4351D39A24663A4300DB9E3E /* PBXTargetDependency */ = {
			isa = PBXTargetDependency;
			target = 435EBF742464D37A006913AC /* Data */;
			targetProxy = 4351D39924663A4300DB9E3E /* PBXContainerItemProxy */;
		};
		43563EFA2467AD2E00078A96 /* PBXTargetDependency */ = {
			isa = PBXTargetDependency;
			target = 435EBF742464D37A006913AC /* Data */;
			targetProxy = 43563EF92467AD2E00078A96 /* PBXContainerItemProxy */;
		};
		43563EFF2467AD5100078A96 /* PBXTargetDependency */ = {
			isa = PBXTargetDependency;
			target = 435EBF612464AA24006913AC /* Domain */;
			targetProxy = 43563EFE2467AD5100078A96 /* PBXContainerItemProxy */;
		};
		43563F012467AD5100078A96 /* PBXTargetDependency */ = {
			isa = PBXTargetDependency;
			target = 4351D37F2466393800DB9E3E /* Infra */;
			targetProxy = 43563F002467AD5100078A96 /* PBXContainerItemProxy */;
		};
		435EBF802464D37A006913AC /* PBXTargetDependency */ = {
			isa = PBXTargetDependency;
			target = 435EBF742464D37A006913AC /* Data */;
			targetProxy = 435EBF7F2464D37A006913AC /* PBXContainerItemProxy */;
		};
		435EBF902464D3A7006913AC /* PBXTargetDependency */ = {
			isa = PBXTargetDependency;
			target = 435EBF612464AA24006913AC /* Domain */;
			targetProxy = 435EBF8F2464D3A7006913AC /* PBXContainerItemProxy */;
		};
		43A14F6A246399C000F8BF40 /* PBXTargetDependency */ = {
			isa = PBXTargetDependency;
			target = 43A14F4E246399BC00F8BF40 /* AppVestibular */;
			targetProxy = 43A14F69246399C000F8BF40 /* PBXContainerItemProxy */;
		};
		43A14F75246399C000F8BF40 /* PBXTargetDependency */ = {
			isa = PBXTargetDependency;
			target = 43A14F4E246399BC00F8BF40 /* AppVestibular */;
			targetProxy = 43A14F74246399C000F8BF40 /* PBXContainerItemProxy */;
		};
/* End PBXTargetDependency section */

/* Begin PBXVariantGroup section */
		43A14F58246399BC00F8BF40 /* Main.storyboard */ = {
			isa = PBXVariantGroup;
			children = (
				43A14F59246399BC00F8BF40 /* Base */,
			);
			name = Main.storyboard;
			sourceTree = "<group>";
		};
		43A14F60246399BF00F8BF40 /* LaunchScreen.storyboard */ = {
			isa = PBXVariantGroup;
			children = (
				43A14F61246399BF00F8BF40 /* Base */,
			);
			name = LaunchScreen.storyboard;
			sourceTree = "<group>";
		};
/* End PBXVariantGroup section */

/* Begin XCBuildConfiguration section */
		434F82F02467C2E0006592B1 /* Debug */ = {
			isa = XCBuildConfiguration;
			buildSettings = {
				CLANG_ENABLE_MODULES = YES;
				CODE_SIGN_STYLE = Automatic;
				COMBINE_HIDPI_IMAGES = YES;
				CURRENT_PROJECT_VERSION = 1;
				DEFINES_MODULE = YES;
				DEVELOPMENT_TEAM = 8LH8763329;
				DYLIB_COMPATIBILITY_VERSION = 1;
				DYLIB_CURRENT_VERSION = 1;
				DYLIB_INSTALL_NAME_BASE = "@rpath";
				INFOPLIST_FILE = Presentation/Info.plist;
				INSTALL_PATH = "$(LOCAL_LIBRARY_DIR)/Frameworks";
				LD_RUNPATH_SEARCH_PATHS = (
					"$(inherited)",
					"@executable_path/../Frameworks",
					"@loader_path/Frameworks",
				);
				MACOSX_DEPLOYMENT_TARGET = 10.15;
				PRODUCT_BUNDLE_IDENTIFIER = br.com.julio.Presentation;
				PRODUCT_NAME = "$(TARGET_NAME:c99extidentifier)";
				SDKROOT = macosx;
				SKIP_INSTALL = YES;
				SWIFT_OPTIMIZATION_LEVEL = "-Onone";
				SWIFT_VERSION = 5.0;
				VERSIONING_SYSTEM = "apple-generic";
				VERSION_INFO_PREFIX = "";
			};
			name = Debug;
		};
		434F82F12467C2E0006592B1 /* Release */ = {
			isa = XCBuildConfiguration;
			buildSettings = {
				CLANG_ENABLE_MODULES = YES;
				CODE_SIGN_STYLE = Automatic;
				COMBINE_HIDPI_IMAGES = YES;
				CURRENT_PROJECT_VERSION = 1;
				DEFINES_MODULE = YES;
				DEVELOPMENT_TEAM = 8LH8763329;
				DYLIB_COMPATIBILITY_VERSION = 1;
				DYLIB_CURRENT_VERSION = 1;
				DYLIB_INSTALL_NAME_BASE = "@rpath";
				INFOPLIST_FILE = Presentation/Info.plist;
				INSTALL_PATH = "$(LOCAL_LIBRARY_DIR)/Frameworks";
				LD_RUNPATH_SEARCH_PATHS = (
					"$(inherited)",
					"@executable_path/../Frameworks",
					"@loader_path/Frameworks",
				);
				MACOSX_DEPLOYMENT_TARGET = 10.15;
				PRODUCT_BUNDLE_IDENTIFIER = br.com.julio.Presentation;
				PRODUCT_NAME = "$(TARGET_NAME:c99extidentifier)";
				SDKROOT = macosx;
				SKIP_INSTALL = YES;
				SWIFT_VERSION = 5.0;
				VERSIONING_SYSTEM = "apple-generic";
				VERSION_INFO_PREFIX = "";
			};
			name = Release;
		};
		434F82F22467C2E0006592B1 /* Debug */ = {
			isa = XCBuildConfiguration;
			buildSettings = {
				ALWAYS_EMBED_SWIFT_STANDARD_LIBRARIES = YES;
				CODE_SIGN_STYLE = Automatic;
				COMBINE_HIDPI_IMAGES = YES;
				DEVELOPMENT_TEAM = 8LH8763329;
				INFOPLIST_FILE = PresentationTests/Info.plist;
				LD_RUNPATH_SEARCH_PATHS = (
					"$(inherited)",
					"@executable_path/../Frameworks",
					"@loader_path/../Frameworks",
				);
				MACOSX_DEPLOYMENT_TARGET = 10.15;
				PRODUCT_BUNDLE_IDENTIFIER = br.com.julio.PresentationTests;
				PRODUCT_NAME = "$(TARGET_NAME)";
				SDKROOT = macosx;
				SWIFT_VERSION = 5.0;
			};
			name = Debug;
		};
		434F82F32467C2E0006592B1 /* Release */ = {
			isa = XCBuildConfiguration;
			buildSettings = {
				ALWAYS_EMBED_SWIFT_STANDARD_LIBRARIES = YES;
				CODE_SIGN_STYLE = Automatic;
				COMBINE_HIDPI_IMAGES = YES;
				DEVELOPMENT_TEAM = 8LH8763329;
				INFOPLIST_FILE = PresentationTests/Info.plist;
				LD_RUNPATH_SEARCH_PATHS = (
					"$(inherited)",
					"@executable_path/../Frameworks",
					"@loader_path/../Frameworks",
				);
				MACOSX_DEPLOYMENT_TARGET = 10.15;
				PRODUCT_BUNDLE_IDENTIFIER = br.com.julio.PresentationTests;
				PRODUCT_NAME = "$(TARGET_NAME)";
				SDKROOT = macosx;
				SWIFT_VERSION = 5.0;
			};
			name = Release;
		};
		4351D3922466393800DB9E3E /* Debug */ = {
			isa = XCBuildConfiguration;
			buildSettings = {
				CLANG_ENABLE_MODULES = YES;
				CODE_SIGN_STYLE = Automatic;
				COMBINE_HIDPI_IMAGES = YES;
				CURRENT_PROJECT_VERSION = 1;
				DEFINES_MODULE = YES;
				DEVELOPMENT_TEAM = 8LH8763329;
				DYLIB_COMPATIBILITY_VERSION = 1;
				DYLIB_CURRENT_VERSION = 1;
				DYLIB_INSTALL_NAME_BASE = "@rpath";
				INFOPLIST_FILE = Infra/Info.plist;
				INSTALL_PATH = "$(LOCAL_LIBRARY_DIR)/Frameworks";
				LD_RUNPATH_SEARCH_PATHS = (
					"$(inherited)",
					"@executable_path/../Frameworks",
					"@loader_path/Frameworks",
				);
				MACOSX_DEPLOYMENT_TARGET = 10.15;
				PRODUCT_BUNDLE_IDENTIFIER = br.com.julio.Infra;
				PRODUCT_NAME = "$(TARGET_NAME:c99extidentifier)";
				SDKROOT = macosx;
				SKIP_INSTALL = YES;
				SWIFT_OPTIMIZATION_LEVEL = "-Onone";
				SWIFT_VERSION = 5.0;
				VERSIONING_SYSTEM = "apple-generic";
				VERSION_INFO_PREFIX = "";
			};
			name = Debug;
		};
		4351D3932466393800DB9E3E /* Release */ = {
			isa = XCBuildConfiguration;
			buildSettings = {
				CLANG_ENABLE_MODULES = YES;
				CODE_SIGN_STYLE = Automatic;
				COMBINE_HIDPI_IMAGES = YES;
				CURRENT_PROJECT_VERSION = 1;
				DEFINES_MODULE = YES;
				DEVELOPMENT_TEAM = 8LH8763329;
				DYLIB_COMPATIBILITY_VERSION = 1;
				DYLIB_CURRENT_VERSION = 1;
				DYLIB_INSTALL_NAME_BASE = "@rpath";
				INFOPLIST_FILE = Infra/Info.plist;
				INSTALL_PATH = "$(LOCAL_LIBRARY_DIR)/Frameworks";
				LD_RUNPATH_SEARCH_PATHS = (
					"$(inherited)",
					"@executable_path/../Frameworks",
					"@loader_path/Frameworks",
				);
				MACOSX_DEPLOYMENT_TARGET = 10.15;
				PRODUCT_BUNDLE_IDENTIFIER = br.com.julio.Infra;
				PRODUCT_NAME = "$(TARGET_NAME:c99extidentifier)";
				SDKROOT = macosx;
				SKIP_INSTALL = YES;
				SWIFT_VERSION = 5.0;
				VERSIONING_SYSTEM = "apple-generic";
				VERSION_INFO_PREFIX = "";
			};
			name = Release;
		};
		4351D3952466393800DB9E3E /* Debug */ = {
			isa = XCBuildConfiguration;
			buildSettings = {
				ALWAYS_EMBED_SWIFT_STANDARD_LIBRARIES = YES;
				CODE_SIGN_STYLE = Automatic;
				COMBINE_HIDPI_IMAGES = YES;
				DEVELOPMENT_TEAM = 8LH8763329;
				INFOPLIST_FILE = InfraTests/Info.plist;
				LD_RUNPATH_SEARCH_PATHS = (
					"$(inherited)",
					"@executable_path/../Frameworks",
					"@loader_path/../Frameworks",
				);
				MACOSX_DEPLOYMENT_TARGET = 10.15;
				PRODUCT_BUNDLE_IDENTIFIER = br.com.julio.InfraTests;
				PRODUCT_NAME = "$(TARGET_NAME)";
				SDKROOT = macosx;
				SWIFT_VERSION = 5.0;
			};
			name = Debug;
		};
		4351D3962466393800DB9E3E /* Release */ = {
			isa = XCBuildConfiguration;
			buildSettings = {
				ALWAYS_EMBED_SWIFT_STANDARD_LIBRARIES = YES;
				CODE_SIGN_STYLE = Automatic;
				COMBINE_HIDPI_IMAGES = YES;
				DEVELOPMENT_TEAM = 8LH8763329;
				INFOPLIST_FILE = InfraTests/Info.plist;
				LD_RUNPATH_SEARCH_PATHS = (
					"$(inherited)",
					"@executable_path/../Frameworks",
					"@loader_path/../Frameworks",
				);
				MACOSX_DEPLOYMENT_TARGET = 10.15;
				PRODUCT_BUNDLE_IDENTIFIER = br.com.julio.InfraTests;
				PRODUCT_NAME = "$(TARGET_NAME)";
				SDKROOT = macosx;
				SWIFT_VERSION = 5.0;
			};
			name = Release;
		};
		43563EFB2467AD2E00078A96 /* Debug */ = {
			isa = XCBuildConfiguration;
			buildSettings = {
				CODE_SIGN_STYLE = Automatic;
				COMBINE_HIDPI_IMAGES = YES;
				DEVELOPMENT_TEAM = 8LH8763329;
				INFOPLIST_FILE = UseCasesIntegrationTests/Info.plist;
				LD_RUNPATH_SEARCH_PATHS = (
					"$(inherited)",
					"@executable_path/../Frameworks",
					"@loader_path/../Frameworks",
				);
				MACOSX_DEPLOYMENT_TARGET = 10.15;
				PRODUCT_BUNDLE_IDENTIFIER = br.com.julio.UseCasesIntegrationTests;
				PRODUCT_NAME = "$(TARGET_NAME)";
				SDKROOT = macosx;
				SWIFT_VERSION = 5.0;
			};
			name = Debug;
		};
		43563EFC2467AD2E00078A96 /* Release */ = {
			isa = XCBuildConfiguration;
			buildSettings = {
				CODE_SIGN_STYLE = Automatic;
				COMBINE_HIDPI_IMAGES = YES;
				DEVELOPMENT_TEAM = 8LH8763329;
				INFOPLIST_FILE = UseCasesIntegrationTests/Info.plist;
				LD_RUNPATH_SEARCH_PATHS = (
					"$(inherited)",
					"@executable_path/../Frameworks",
					"@loader_path/../Frameworks",
				);
				MACOSX_DEPLOYMENT_TARGET = 10.15;
				PRODUCT_BUNDLE_IDENTIFIER = br.com.julio.UseCasesIntegrationTests;
				PRODUCT_NAME = "$(TARGET_NAME)";
				SDKROOT = macosx;
				SWIFT_VERSION = 5.0;
			};
			name = Release;
		};
		435EBF672464AA25006913AC /* Debug */ = {
			isa = XCBuildConfiguration;
			buildSettings = {
				CLANG_ENABLE_MODULES = YES;
				CODE_SIGN_STYLE = Automatic;
				COMBINE_HIDPI_IMAGES = YES;
				CURRENT_PROJECT_VERSION = 1;
				DEFINES_MODULE = YES;
				DEVELOPMENT_TEAM = 8LH8763329;
				DYLIB_COMPATIBILITY_VERSION = 1;
				DYLIB_CURRENT_VERSION = 1;
				DYLIB_INSTALL_NAME_BASE = "@rpath";
				INFOPLIST_FILE = Domain/Info.plist;
				INSTALL_PATH = "$(LOCAL_LIBRARY_DIR)/Frameworks";
				LD_RUNPATH_SEARCH_PATHS = (
					"$(inherited)",
					"@executable_path/../Frameworks",
					"@loader_path/Frameworks",
				);
				MACOSX_DEPLOYMENT_TARGET = 10.15;
				PRODUCT_BUNDLE_IDENTIFIER = br.com.julio.Domain;
				PRODUCT_NAME = "$(TARGET_NAME:c99extidentifier)";
				SDKROOT = macosx;
				SKIP_INSTALL = YES;
				SWIFT_OPTIMIZATION_LEVEL = "-Onone";
				SWIFT_VERSION = 5.0;
				VERSIONING_SYSTEM = "apple-generic";
				VERSION_INFO_PREFIX = "";
			};
			name = Debug;
		};
		435EBF682464AA25006913AC /* Release */ = {
			isa = XCBuildConfiguration;
			buildSettings = {
				CLANG_ENABLE_MODULES = YES;
				CODE_SIGN_STYLE = Automatic;
				COMBINE_HIDPI_IMAGES = YES;
				CURRENT_PROJECT_VERSION = 1;
				DEFINES_MODULE = YES;
				DEVELOPMENT_TEAM = 8LH8763329;
				DYLIB_COMPATIBILITY_VERSION = 1;
				DYLIB_CURRENT_VERSION = 1;
				DYLIB_INSTALL_NAME_BASE = "@rpath";
				INFOPLIST_FILE = Domain/Info.plist;
				INSTALL_PATH = "$(LOCAL_LIBRARY_DIR)/Frameworks";
				LD_RUNPATH_SEARCH_PATHS = (
					"$(inherited)",
					"@executable_path/../Frameworks",
					"@loader_path/Frameworks",
				);
				MACOSX_DEPLOYMENT_TARGET = 10.15;
				PRODUCT_BUNDLE_IDENTIFIER = br.com.julio.Domain;
				PRODUCT_NAME = "$(TARGET_NAME:c99extidentifier)";
				SDKROOT = macosx;
				SKIP_INSTALL = YES;
				SWIFT_VERSION = 5.0;
				VERSIONING_SYSTEM = "apple-generic";
				VERSION_INFO_PREFIX = "";
			};
			name = Release;
		};
		435EBF872464D37A006913AC /* Debug */ = {
			isa = XCBuildConfiguration;
			buildSettings = {
				CLANG_ENABLE_MODULES = YES;
				CODE_SIGN_STYLE = Automatic;
				COMBINE_HIDPI_IMAGES = YES;
				CURRENT_PROJECT_VERSION = 1;
				DEFINES_MODULE = YES;
				DEVELOPMENT_TEAM = 8LH8763329;
				DYLIB_COMPATIBILITY_VERSION = 1;
				DYLIB_CURRENT_VERSION = 1;
				DYLIB_INSTALL_NAME_BASE = "@rpath";
				INFOPLIST_FILE = Data/Info.plist;
				INSTALL_PATH = "$(LOCAL_LIBRARY_DIR)/Frameworks";
				LD_RUNPATH_SEARCH_PATHS = (
					"$(inherited)",
					"@executable_path/../Frameworks",
					"@loader_path/Frameworks",
				);
				MACOSX_DEPLOYMENT_TARGET = 10.15;
				PRODUCT_BUNDLE_IDENTIFIER = br.com.julio.Data;
				PRODUCT_NAME = "$(TARGET_NAME:c99extidentifier)";
				SDKROOT = macosx;
				SKIP_INSTALL = YES;
				SWIFT_OPTIMIZATION_LEVEL = "-Onone";
				SWIFT_VERSION = 5.0;
				VERSIONING_SYSTEM = "apple-generic";
				VERSION_INFO_PREFIX = "";
			};
			name = Debug;
		};
		435EBF882464D37A006913AC /* Release */ = {
			isa = XCBuildConfiguration;
			buildSettings = {
				CLANG_ENABLE_MODULES = YES;
				CODE_SIGN_STYLE = Automatic;
				COMBINE_HIDPI_IMAGES = YES;
				CURRENT_PROJECT_VERSION = 1;
				DEFINES_MODULE = YES;
				DEVELOPMENT_TEAM = 8LH8763329;
				DYLIB_COMPATIBILITY_VERSION = 1;
				DYLIB_CURRENT_VERSION = 1;
				DYLIB_INSTALL_NAME_BASE = "@rpath";
				INFOPLIST_FILE = Data/Info.plist;
				INSTALL_PATH = "$(LOCAL_LIBRARY_DIR)/Frameworks";
				LD_RUNPATH_SEARCH_PATHS = (
					"$(inherited)",
					"@executable_path/../Frameworks",
					"@loader_path/Frameworks",
				);
				MACOSX_DEPLOYMENT_TARGET = 10.15;
				PRODUCT_BUNDLE_IDENTIFIER = br.com.julio.Data;
				PRODUCT_NAME = "$(TARGET_NAME:c99extidentifier)";
				SDKROOT = macosx;
				SKIP_INSTALL = YES;
				SWIFT_VERSION = 5.0;
				VERSIONING_SYSTEM = "apple-generic";
				VERSION_INFO_PREFIX = "";
			};
			name = Release;
		};
		435EBF8A2464D37A006913AC /* Debug */ = {
			isa = XCBuildConfiguration;
			buildSettings = {
				ALWAYS_EMBED_SWIFT_STANDARD_LIBRARIES = YES;
				CODE_SIGN_STYLE = Automatic;
				COMBINE_HIDPI_IMAGES = YES;
				DEVELOPMENT_TEAM = 8LH8763329;
				INFOPLIST_FILE = DataTests/Info.plist;
				LD_RUNPATH_SEARCH_PATHS = (
					"$(inherited)",
					"@executable_path/../Frameworks",
					"@loader_path/../Frameworks",
				);
				MACOSX_DEPLOYMENT_TARGET = 10.15;
				PRODUCT_BUNDLE_IDENTIFIER = br.com.julio.DataTests;
				PRODUCT_NAME = "$(TARGET_NAME)";
				SDKROOT = macosx;
				SWIFT_VERSION = 5.0;
			};
			name = Debug;
		};
		435EBF8B2464D37A006913AC /* Release */ = {
			isa = XCBuildConfiguration;
			buildSettings = {
				ALWAYS_EMBED_SWIFT_STANDARD_LIBRARIES = YES;
				CODE_SIGN_STYLE = Automatic;
				COMBINE_HIDPI_IMAGES = YES;
				DEVELOPMENT_TEAM = 8LH8763329;
				INFOPLIST_FILE = DataTests/Info.plist;
				LD_RUNPATH_SEARCH_PATHS = (
					"$(inherited)",
					"@executable_path/../Frameworks",
					"@loader_path/../Frameworks",
				);
				MACOSX_DEPLOYMENT_TARGET = 10.15;
				PRODUCT_BUNDLE_IDENTIFIER = br.com.julio.DataTests;
				PRODUCT_NAME = "$(TARGET_NAME)";
				SDKROOT = macosx;
				SWIFT_VERSION = 5.0;
			};
			name = Release;
		};
		43A14F7A246399C000F8BF40 /* Debug */ = {
			isa = XCBuildConfiguration;
			buildSettings = {
				ALWAYS_SEARCH_USER_PATHS = NO;
				CLANG_ANALYZER_NONNULL = YES;
				CLANG_ANALYZER_NUMBER_OBJECT_CONVERSION = YES_AGGRESSIVE;
				CLANG_CXX_LANGUAGE_STANDARD = "gnu++14";
				CLANG_CXX_LIBRARY = "libc++";
				CLANG_ENABLE_MODULES = YES;
				CLANG_ENABLE_OBJC_ARC = YES;
				CLANG_ENABLE_OBJC_WEAK = YES;
				CLANG_WARN_BLOCK_CAPTURE_AUTORELEASING = YES;
				CLANG_WARN_BOOL_CONVERSION = YES;
				CLANG_WARN_COMMA = YES;
				CLANG_WARN_CONSTANT_CONVERSION = YES;
				CLANG_WARN_DEPRECATED_OBJC_IMPLEMENTATIONS = YES;
				CLANG_WARN_DIRECT_OBJC_ISA_USAGE = YES_ERROR;
				CLANG_WARN_DOCUMENTATION_COMMENTS = YES;
				CLANG_WARN_EMPTY_BODY = YES;
				CLANG_WARN_ENUM_CONVERSION = YES;
				CLANG_WARN_INFINITE_RECURSION = YES;
				CLANG_WARN_INT_CONVERSION = YES;
				CLANG_WARN_NON_LITERAL_NULL_CONVERSION = YES;
				CLANG_WARN_OBJC_IMPLICIT_RETAIN_SELF = YES;
				CLANG_WARN_OBJC_LITERAL_CONVERSION = YES;
				CLANG_WARN_OBJC_ROOT_CLASS = YES_ERROR;
				CLANG_WARN_RANGE_LOOP_ANALYSIS = YES;
				CLANG_WARN_STRICT_PROTOTYPES = YES;
				CLANG_WARN_SUSPICIOUS_MOVE = YES;
				CLANG_WARN_UNGUARDED_AVAILABILITY = YES_AGGRESSIVE;
				CLANG_WARN_UNREACHABLE_CODE = YES;
				CLANG_WARN__DUPLICATE_METHOD_MATCH = YES;
				COPY_PHASE_STRIP = NO;
				DEBUG_INFORMATION_FORMAT = dwarf;
				ENABLE_STRICT_OBJC_MSGSEND = YES;
				ENABLE_TESTABILITY = YES;
				GCC_C_LANGUAGE_STANDARD = gnu11;
				GCC_DYNAMIC_NO_PIC = NO;
				GCC_NO_COMMON_BLOCKS = YES;
				GCC_OPTIMIZATION_LEVEL = 0;
				GCC_PREPROCESSOR_DEFINITIONS = (
					"DEBUG=1",
					"$(inherited)",
				);
				GCC_WARN_64_TO_32_BIT_CONVERSION = YES;
				GCC_WARN_ABOUT_RETURN_TYPE = YES_ERROR;
				GCC_WARN_UNDECLARED_SELECTOR = YES;
				GCC_WARN_UNINITIALIZED_AUTOS = YES_AGGRESSIVE;
				GCC_WARN_UNUSED_FUNCTION = YES;
				GCC_WARN_UNUSED_VARIABLE = YES;
				IPHONEOS_DEPLOYMENT_TARGET = 13.4;
				MTL_ENABLE_DEBUG_INFO = INCLUDE_SOURCE;
				MTL_FAST_MATH = YES;
				ONLY_ACTIVE_ARCH = YES;
				SDKROOT = iphoneos;
				SWIFT_ACTIVE_COMPILATION_CONDITIONS = DEBUG;
				SWIFT_OPTIMIZATION_LEVEL = "-Onone";
			};
			name = Debug;
		};
		43A14F7B246399C000F8BF40 /* Release */ = {
			isa = XCBuildConfiguration;
			buildSettings = {
				ALWAYS_SEARCH_USER_PATHS = NO;
				CLANG_ANALYZER_NONNULL = YES;
				CLANG_ANALYZER_NUMBER_OBJECT_CONVERSION = YES_AGGRESSIVE;
				CLANG_CXX_LANGUAGE_STANDARD = "gnu++14";
				CLANG_CXX_LIBRARY = "libc++";
				CLANG_ENABLE_MODULES = YES;
				CLANG_ENABLE_OBJC_ARC = YES;
				CLANG_ENABLE_OBJC_WEAK = YES;
				CLANG_WARN_BLOCK_CAPTURE_AUTORELEASING = YES;
				CLANG_WARN_BOOL_CONVERSION = YES;
				CLANG_WARN_COMMA = YES;
				CLANG_WARN_CONSTANT_CONVERSION = YES;
				CLANG_WARN_DEPRECATED_OBJC_IMPLEMENTATIONS = YES;
				CLANG_WARN_DIRECT_OBJC_ISA_USAGE = YES_ERROR;
				CLANG_WARN_DOCUMENTATION_COMMENTS = YES;
				CLANG_WARN_EMPTY_BODY = YES;
				CLANG_WARN_ENUM_CONVERSION = YES;
				CLANG_WARN_INFINITE_RECURSION = YES;
				CLANG_WARN_INT_CONVERSION = YES;
				CLANG_WARN_NON_LITERAL_NULL_CONVERSION = YES;
				CLANG_WARN_OBJC_IMPLICIT_RETAIN_SELF = YES;
				CLANG_WARN_OBJC_LITERAL_CONVERSION = YES;
				CLANG_WARN_OBJC_ROOT_CLASS = YES_ERROR;
				CLANG_WARN_RANGE_LOOP_ANALYSIS = YES;
				CLANG_WARN_STRICT_PROTOTYPES = YES;
				CLANG_WARN_SUSPICIOUS_MOVE = YES;
				CLANG_WARN_UNGUARDED_AVAILABILITY = YES_AGGRESSIVE;
				CLANG_WARN_UNREACHABLE_CODE = YES;
				CLANG_WARN__DUPLICATE_METHOD_MATCH = YES;
				COPY_PHASE_STRIP = NO;
				DEBUG_INFORMATION_FORMAT = "dwarf-with-dsym";
				ENABLE_NS_ASSERTIONS = NO;
				ENABLE_STRICT_OBJC_MSGSEND = YES;
				GCC_C_LANGUAGE_STANDARD = gnu11;
				GCC_NO_COMMON_BLOCKS = YES;
				GCC_WARN_64_TO_32_BIT_CONVERSION = YES;
				GCC_WARN_ABOUT_RETURN_TYPE = YES_ERROR;
				GCC_WARN_UNDECLARED_SELECTOR = YES;
				GCC_WARN_UNINITIALIZED_AUTOS = YES_AGGRESSIVE;
				GCC_WARN_UNUSED_FUNCTION = YES;
				GCC_WARN_UNUSED_VARIABLE = YES;
				IPHONEOS_DEPLOYMENT_TARGET = 13.4;
				MTL_ENABLE_DEBUG_INFO = NO;
				MTL_FAST_MATH = YES;
				SDKROOT = iphoneos;
				SWIFT_COMPILATION_MODE = wholemodule;
				SWIFT_OPTIMIZATION_LEVEL = "-O";
				VALIDATE_PRODUCT = YES;
			};
			name = Release;
		};
		43A14F7D246399C000F8BF40 /* Debug */ = {
			isa = XCBuildConfiguration;
			buildSettings = {
				ASSETCATALOG_COMPILER_APPICON_NAME = AppIcon;
				CODE_SIGN_STYLE = Automatic;
				DEVELOPMENT_TEAM = 8LH8763329;
				INFOPLIST_FILE = AppVestibular/Info.plist;
				LD_RUNPATH_SEARCH_PATHS = (
					"$(inherited)",
					"@executable_path/Frameworks",
				);
				PRODUCT_BUNDLE_IDENTIFIER = br.com.julio.AppVestibular;
				PRODUCT_NAME = "$(TARGET_NAME)";
				SWIFT_VERSION = 5.0;
				TARGETED_DEVICE_FAMILY = "1,2";
			};
			name = Debug;
		};
		43A14F7E246399C000F8BF40 /* Release */ = {
			isa = XCBuildConfiguration;
			buildSettings = {
				ASSETCATALOG_COMPILER_APPICON_NAME = AppIcon;
				CODE_SIGN_STYLE = Automatic;
				DEVELOPMENT_TEAM = 8LH8763329;
				INFOPLIST_FILE = AppVestibular/Info.plist;
				LD_RUNPATH_SEARCH_PATHS = (
					"$(inherited)",
					"@executable_path/Frameworks",
				);
				PRODUCT_BUNDLE_IDENTIFIER = br.com.julio.AppVestibular;
				PRODUCT_NAME = "$(TARGET_NAME)";
				SWIFT_VERSION = 5.0;
				TARGETED_DEVICE_FAMILY = "1,2";
			};
			name = Release;
		};
		43A14F80246399C000F8BF40 /* Debug */ = {
			isa = XCBuildConfiguration;
			buildSettings = {
				ALWAYS_EMBED_SWIFT_STANDARD_LIBRARIES = YES;
				BUNDLE_LOADER = "$(TEST_HOST)";
				CODE_SIGN_STYLE = Automatic;
				DEVELOPMENT_TEAM = 8LH8763329;
				INFOPLIST_FILE = AppVestibularTests/Info.plist;
				IPHONEOS_DEPLOYMENT_TARGET = 13.4;
				LD_RUNPATH_SEARCH_PATHS = (
					"$(inherited)",
					"@executable_path/Frameworks",
					"@loader_path/Frameworks",
				);
				PRODUCT_BUNDLE_IDENTIFIER = br.com.julio.AppVestibularTests;
				PRODUCT_NAME = "$(TARGET_NAME)";
				SWIFT_VERSION = 5.0;
				TARGETED_DEVICE_FAMILY = "1,2";
				TEST_HOST = "$(BUILT_PRODUCTS_DIR)/AppVestibular.app/AppVestibular";
			};
			name = Debug;
		};
		43A14F81246399C000F8BF40 /* Release */ = {
			isa = XCBuildConfiguration;
			buildSettings = {
				ALWAYS_EMBED_SWIFT_STANDARD_LIBRARIES = YES;
				BUNDLE_LOADER = "$(TEST_HOST)";
				CODE_SIGN_STYLE = Automatic;
				DEVELOPMENT_TEAM = 8LH8763329;
				INFOPLIST_FILE = AppVestibularTests/Info.plist;
				IPHONEOS_DEPLOYMENT_TARGET = 13.4;
				LD_RUNPATH_SEARCH_PATHS = (
					"$(inherited)",
					"@executable_path/Frameworks",
					"@loader_path/Frameworks",
				);
				PRODUCT_BUNDLE_IDENTIFIER = br.com.julio.AppVestibularTests;
				PRODUCT_NAME = "$(TARGET_NAME)";
				SWIFT_VERSION = 5.0;
				TARGETED_DEVICE_FAMILY = "1,2";
				TEST_HOST = "$(BUILT_PRODUCTS_DIR)/AppVestibular.app/AppVestibular";
			};
			name = Release;
		};
		43A14F83246399C000F8BF40 /* Debug */ = {
			isa = XCBuildConfiguration;
			buildSettings = {
				ALWAYS_EMBED_SWIFT_STANDARD_LIBRARIES = YES;
				CODE_SIGN_STYLE = Automatic;
				DEVELOPMENT_TEAM = 8LH8763329;
				INFOPLIST_FILE = AppVestibularUITests/Info.plist;
				LD_RUNPATH_SEARCH_PATHS = (
					"$(inherited)",
					"@executable_path/Frameworks",
					"@loader_path/Frameworks",
				);
				PRODUCT_BUNDLE_IDENTIFIER = br.com.julio.AppVestibularUITests;
				PRODUCT_NAME = "$(TARGET_NAME)";
				SWIFT_VERSION = 5.0;
				TARGETED_DEVICE_FAMILY = "1,2";
				TEST_TARGET_NAME = AppVestibular;
			};
			name = Debug;
		};
		43A14F84246399C000F8BF40 /* Release */ = {
			isa = XCBuildConfiguration;
			buildSettings = {
				ALWAYS_EMBED_SWIFT_STANDARD_LIBRARIES = YES;
				CODE_SIGN_STYLE = Automatic;
				DEVELOPMENT_TEAM = 8LH8763329;
				INFOPLIST_FILE = AppVestibularUITests/Info.plist;
				LD_RUNPATH_SEARCH_PATHS = (
					"$(inherited)",
					"@executable_path/Frameworks",
					"@loader_path/Frameworks",
				);
				PRODUCT_BUNDLE_IDENTIFIER = br.com.julio.AppVestibularUITests;
				PRODUCT_NAME = "$(TARGET_NAME)";
				SWIFT_VERSION = 5.0;
				TARGETED_DEVICE_FAMILY = "1,2";
				TEST_TARGET_NAME = AppVestibular;
			};
			name = Release;
		};
/* End XCBuildConfiguration section */

/* Begin XCConfigurationList section */
		434F82F42467C2E0006592B1 /* Build configuration list for PBXNativeTarget "Presentation" */ = {
			isa = XCConfigurationList;
			buildConfigurations = (
				434F82F02467C2E0006592B1 /* Debug */,
				434F82F12467C2E0006592B1 /* Release */,
			);
			defaultConfigurationIsVisible = 0;
			defaultConfigurationName = Release;
		};
		434F82F52467C2E0006592B1 /* Build configuration list for PBXNativeTarget "PresentationTests" */ = {
			isa = XCConfigurationList;
			buildConfigurations = (
				434F82F22467C2E0006592B1 /* Debug */,
				434F82F32467C2E0006592B1 /* Release */,
			);
			defaultConfigurationIsVisible = 0;
			defaultConfigurationName = Release;
		};
		4351D3912466393800DB9E3E /* Build configuration list for PBXNativeTarget "Infra" */ = {
			isa = XCConfigurationList;
			buildConfigurations = (
				4351D3922466393800DB9E3E /* Debug */,
				4351D3932466393800DB9E3E /* Release */,
			);
			defaultConfigurationIsVisible = 0;
			defaultConfigurationName = Release;
		};
		4351D3942466393800DB9E3E /* Build configuration list for PBXNativeTarget "InfraTests" */ = {
			isa = XCConfigurationList;
			buildConfigurations = (
				4351D3952466393800DB9E3E /* Debug */,
				4351D3962466393800DB9E3E /* Release */,
			);
			defaultConfigurationIsVisible = 0;
			defaultConfigurationName = Release;
		};
		43563EFD2467AD2E00078A96 /* Build configuration list for PBXNativeTarget "UseCasesIntegrationTests" */ = {
			isa = XCConfigurationList;
			buildConfigurations = (
				43563EFB2467AD2E00078A96 /* Debug */,
				43563EFC2467AD2E00078A96 /* Release */,
			);
			defaultConfigurationIsVisible = 0;
			defaultConfigurationName = Release;
		};
		435EBF692464AA25006913AC /* Build configuration list for PBXNativeTarget "Domain" */ = {
			isa = XCConfigurationList;
			buildConfigurations = (
				435EBF672464AA25006913AC /* Debug */,
				435EBF682464AA25006913AC /* Release */,
			);
			defaultConfigurationIsVisible = 0;
			defaultConfigurationName = Release;
		};
		435EBF862464D37A006913AC /* Build configuration list for PBXNativeTarget "Data" */ = {
			isa = XCConfigurationList;
			buildConfigurations = (
				435EBF872464D37A006913AC /* Debug */,
				435EBF882464D37A006913AC /* Release */,
			);
			defaultConfigurationIsVisible = 0;
			defaultConfigurationName = Release;
		};
		435EBF892464D37A006913AC /* Build configuration list for PBXNativeTarget "DataTests" */ = {
			isa = XCConfigurationList;
			buildConfigurations = (
				435EBF8A2464D37A006913AC /* Debug */,
				435EBF8B2464D37A006913AC /* Release */,
			);
			defaultConfigurationIsVisible = 0;
			defaultConfigurationName = Release;
		};
		43A14F4A246399BC00F8BF40 /* Build configuration list for PBXProject "AppVestibular" */ = {
			isa = XCConfigurationList;
			buildConfigurations = (
				43A14F7A246399C000F8BF40 /* Debug */,
				43A14F7B246399C000F8BF40 /* Release */,
			);
			defaultConfigurationIsVisible = 0;
			defaultConfigurationName = Release;
		};
		43A14F7C246399C000F8BF40 /* Build configuration list for PBXNativeTarget "AppVestibular" */ = {
			isa = XCConfigurationList;
			buildConfigurations = (
				43A14F7D246399C000F8BF40 /* Debug */,
				43A14F7E246399C000F8BF40 /* Release */,
			);
			defaultConfigurationIsVisible = 0;
			defaultConfigurationName = Release;
		};
		43A14F7F246399C000F8BF40 /* Build configuration list for PBXNativeTarget "AppVestibularTests" */ = {
			isa = XCConfigurationList;
			buildConfigurations = (
				43A14F80246399C000F8BF40 /* Debug */,
				43A14F81246399C000F8BF40 /* Release */,
			);
			defaultConfigurationIsVisible = 0;
			defaultConfigurationName = Release;
		};
		43A14F82246399C000F8BF40 /* Build configuration list for PBXNativeTarget "AppVestibularUITests" */ = {
			isa = XCConfigurationList;
			buildConfigurations = (
				43A14F83246399C000F8BF40 /* Debug */,
				43A14F84246399C000F8BF40 /* Release */,
			);
			defaultConfigurationIsVisible = 0;
			defaultConfigurationName = Release;
		};
/* End XCConfigurationList section */

/* Begin XCRemoteSwiftPackageReference section */
		4351D39E24663B6700DB9E3E /* XCRemoteSwiftPackageReference "Alamofire" */ = {
			isa = XCRemoteSwiftPackageReference;
			repositoryURL = "https://github.com/Alamofire/Alamofire.git";
			requirement = {
				kind = upToNextMajorVersion;
				minimumVersion = 5.1.0;
			};
		};
/* End XCRemoteSwiftPackageReference section */

/* Begin XCSwiftPackageProductDependency section */
		4351D39F24663B6700DB9E3E /* Alamofire */ = {
			isa = XCSwiftPackageProductDependency;
			package = 4351D39E24663B6700DB9E3E /* XCRemoteSwiftPackageReference "Alamofire" */;
			productName = Alamofire;
		};
/* End XCSwiftPackageProductDependency section */

/* Begin XCVersionGroup section */
		43A14F5B246399BC00F8BF40 /* AppVestibular.xcdatamodeld */ = {
			isa = XCVersionGroup;
			children = (
				43A14F5C246399BC00F8BF40 /* AppVestibular.xcdatamodel */,
			);
			currentVersion = 43A14F5C246399BC00F8BF40 /* AppVestibular.xcdatamodel */;
			path = AppVestibular.xcdatamodeld;
			sourceTree = "<group>";
			versionGroupType = wrapper.xcdatamodel;
		};
/* End XCVersionGroup section */
	};
	rootObject = 43A14F47246399BC00F8BF40 /* Project object */;
}
